<?xml version="1.0" encoding="utf-8"?>
<Project ToolsVersion="4.0" xmlns="http://schemas.microsoft.com/developer/msbuild/2003">
  <ItemGroup>
    <ClInclude Include="..\Library\strconv.h">
      <Filter>Library</Filter>
    </ClInclude>
    <ClInclude Include="..\Library\imgui\imconfig.h">
      <Filter>Library\imgui</Filter>
    </ClInclude>
    <ClInclude Include="..\Library\imgui\imgui.h">
      <Filter>Library\imgui</Filter>
    </ClInclude>
    <ClInclude Include="..\Library\imgui\imgui_impl_dx11.h">
      <Filter>Library\imgui</Filter>
    </ClInclude>
    <ClInclude Include="..\Library\imgui\imgui_impl_win32.h">
      <Filter>Library\imgui</Filter>
    </ClInclude>
    <ClInclude Include="..\Library\imgui\imgui_internal.h">
      <Filter>Library\imgui</Filter>
    </ClInclude>
    <ClInclude Include="..\Library\imgui\imgui_stdlib.h">
      <Filter>Library\imgui</Filter>
    </ClInclude>
    <ClInclude Include="..\Library\imgui\imstb_rectpack.h">
      <Filter>Library\imgui</Filter>
    </ClInclude>
    <ClInclude Include="..\Library\imgui\imstb_textedit.h">
      <Filter>Library\imgui</Filter>
    </ClInclude>
    <ClInclude Include="..\Library\imgui\imstb_truetype.h">
      <Filter>Library\imgui</Filter>
    </ClInclude>
    <ClInclude Include="..\Library\imgui\ja_glyph_ranges.h">
      <Filter>Library\imgui</Filter>
    </ClInclude>
    <ClInclude Include="..\Library\imgui\ImGuizmo\GraphEditor.h">
      <Filter>Library\imgui\ImGuizmo</Filter>
    </ClInclude>
    <ClInclude Include="..\Library\imgui\ImGuizmo\ImCurveEdit.h">
      <Filter>Library\imgui\ImGuizmo</Filter>
    </ClInclude>
    <ClInclude Include="..\Library\imgui\ImGuizmo\ImGradient.h">
      <Filter>Library\imgui\ImGuizmo</Filter>
    </ClInclude>
    <ClInclude Include="..\Library\imgui\ImGuizmo\ImGuizmo.h">
      <Filter>Library\imgui\ImGuizmo</Filter>
    </ClInclude>
    <ClInclude Include="..\Library\imgui\ImGuizmo\ImSequencer.h">
      <Filter>Library\imgui\ImGuizmo</Filter>
    </ClInclude>
    <ClInclude Include="..\Library\imgui\ImGuizmo\ImZoomSlider.h">
      <Filter>Library\imgui\ImGuizmo</Filter>
    </ClInclude>
    <ClInclude Include="..\Library\magic_enum\magic_enum.hpp">
      <Filter>Library\magic_enum</Filter>
    </ClInclude>
    <ClInclude Include="..\Library\magic_enum\magic_enum_all.hpp">
      <Filter>Library\magic_enum</Filter>
    </ClInclude>
    <ClInclude Include="..\Library\magic_enum\magic_enum_containers.hpp">
      <Filter>Library\magic_enum</Filter>
    </ClInclude>
    <ClInclude Include="..\Library\magic_enum\magic_enum_flags.hpp">
      <Filter>Library\magic_enum</Filter>
    </ClInclude>
    <ClInclude Include="..\Library\magic_enum\magic_enum_format.hpp">
      <Filter>Library\magic_enum</Filter>
    </ClInclude>
    <ClInclude Include="..\Library\magic_enum\magic_enum_fuse.hpp">
      <Filter>Library\magic_enum</Filter>
    </ClInclude>
    <ClInclude Include="..\Library\magic_enum\magic_enum_iostream.hpp">
      <Filter>Library\magic_enum</Filter>
    </ClInclude>
    <ClInclude Include="..\Library\magic_enum\magic_enum_switch.hpp">
      <Filter>Library\magic_enum</Filter>
    </ClInclude>
    <ClInclude Include="..\Library\magic_enum\magic_enum_utility.hpp">
      <Filter>Library\magic_enum</Filter>
    </ClInclude>
    <ClInclude Include="..\Library\nlohmann\adl_serializer.hpp">
      <Filter>Library\nlohmann</Filter>
    </ClInclude>
    <ClInclude Include="..\Library\nlohmann\byte_container_with_subtype.hpp">
      <Filter>Library\nlohmann</Filter>
    </ClInclude>
    <ClInclude Include="..\Library\nlohmann\json.hpp">
      <Filter>Library\nlohmann</Filter>
    </ClInclude>
    <ClInclude Include="..\Library\nlohmann\json_fwd.hpp">
      <Filter>Library\nlohmann</Filter>
    </ClInclude>
    <ClInclude Include="..\Library\nlohmann\ordered_map.hpp">
      <Filter>Library\nlohmann</Filter>
    </ClInclude>
    <ClInclude Include="..\Library\nlohmann\thirdparty\hedley\hedley.hpp">
      <Filter>Library\nlohmann\thirdparty\hedley</Filter>
    </ClInclude>
    <ClInclude Include="..\Library\nlohmann\thirdparty\hedley\hedley_undef.hpp">
      <Filter>Library\nlohmann\thirdparty\hedley</Filter>
    </ClInclude>
    <ClInclude Include="..\Library\nlohmann\detail\abi_macros.hpp">
      <Filter>Library\nlohmann\detail</Filter>
    </ClInclude>
    <ClInclude Include="..\Library\nlohmann\detail\exceptions.hpp">
      <Filter>Library\nlohmann\detail</Filter>
    </ClInclude>
    <ClInclude Include="..\Library\nlohmann\detail\hash.hpp">
      <Filter>Library\nlohmann\detail</Filter>
    </ClInclude>
    <ClInclude Include="..\Library\nlohmann\detail\json_custom_base_class.hpp">
      <Filter>Library\nlohmann\detail</Filter>
    </ClInclude>
    <ClInclude Include="..\Library\nlohmann\detail\json_pointer.hpp">
      <Filter>Library\nlohmann\detail</Filter>
    </ClInclude>
    <ClInclude Include="..\Library\nlohmann\detail\json_ref.hpp">
      <Filter>Library\nlohmann\detail</Filter>
    </ClInclude>
    <ClInclude Include="..\Library\nlohmann\detail\macro_scope.hpp">
      <Filter>Library\nlohmann\detail</Filter>
    </ClInclude>
    <ClInclude Include="..\Library\nlohmann\detail\macro_unscope.hpp">
      <Filter>Library\nlohmann\detail</Filter>
    </ClInclude>
    <ClInclude Include="..\Library\nlohmann\detail\string_concat.hpp">
      <Filter>Library\nlohmann\detail</Filter>
    </ClInclude>
    <ClInclude Include="..\Library\nlohmann\detail\string_escape.hpp">
      <Filter>Library\nlohmann\detail</Filter>
    </ClInclude>
    <ClInclude Include="..\Library\nlohmann\detail\value_t.hpp">
      <Filter>Library\nlohmann\detail</Filter>
    </ClInclude>
    <ClInclude Include="..\Library\nlohmann\detail\output\binary_writer.hpp">
      <Filter>Library\nlohmann\detail\output</Filter>
    </ClInclude>
    <ClInclude Include="..\Library\nlohmann\detail\output\output_adapters.hpp">
      <Filter>Library\nlohmann\detail\output</Filter>
    </ClInclude>
    <ClInclude Include="..\Library\nlohmann\detail\output\serializer.hpp">
      <Filter>Library\nlohmann\detail\output</Filter>
    </ClInclude>
    <ClInclude Include="..\Library\nlohmann\detail\meta\cpp_future.hpp">
      <Filter>Library\nlohmann\detail\meta</Filter>
    </ClInclude>
    <ClInclude Include="..\Library\nlohmann\detail\meta\detected.hpp">
      <Filter>Library\nlohmann\detail\meta</Filter>
    </ClInclude>
    <ClInclude Include="..\Library\nlohmann\detail\meta\identity_tag.hpp">
      <Filter>Library\nlohmann\detail\meta</Filter>
    </ClInclude>
    <ClInclude Include="..\Library\nlohmann\detail\meta\is_sax.hpp">
      <Filter>Library\nlohmann\detail\meta</Filter>
    </ClInclude>
    <ClInclude Include="..\Library\nlohmann\detail\meta\std_fs.hpp">
      <Filter>Library\nlohmann\detail\meta</Filter>
    </ClInclude>
    <ClInclude Include="..\Library\nlohmann\detail\meta\type_traits.hpp">
      <Filter>Library\nlohmann\detail\meta</Filter>
    </ClInclude>
    <ClInclude Include="..\Library\nlohmann\detail\meta\void_t.hpp">
      <Filter>Library\nlohmann\detail\meta</Filter>
    </ClInclude>
    <ClInclude Include="..\Library\nlohmann\detail\meta\call_std\begin.hpp">
      <Filter>Library\nlohmann\detail\meta\call_std</Filter>
    </ClInclude>
    <ClInclude Include="..\Library\nlohmann\detail\meta\call_std\end.hpp">
      <Filter>Library\nlohmann\detail\meta\call_std</Filter>
    </ClInclude>
    <ClInclude Include="..\Library\nlohmann\detail\iterators\internal_iterator.hpp">
      <Filter>Library\nlohmann\detail\iterators</Filter>
    </ClInclude>
    <ClInclude Include="..\Library\nlohmann\detail\iterators\iteration_proxy.hpp">
      <Filter>Library\nlohmann\detail\iterators</Filter>
    </ClInclude>
    <ClInclude Include="..\Library\nlohmann\detail\iterators\iterator_traits.hpp">
      <Filter>Library\nlohmann\detail\iterators</Filter>
    </ClInclude>
    <ClInclude Include="..\Library\nlohmann\detail\iterators\iter_impl.hpp">
      <Filter>Library\nlohmann\detail\iterators</Filter>
    </ClInclude>
    <ClInclude Include="..\Library\nlohmann\detail\iterators\json_reverse_iterator.hpp">
      <Filter>Library\nlohmann\detail\iterators</Filter>
    </ClInclude>
    <ClInclude Include="..\Library\nlohmann\detail\iterators\primitive_iterator.hpp">
      <Filter>Library\nlohmann\detail\iterators</Filter>
    </ClInclude>
    <ClInclude Include="..\Library\nlohmann\detail\input\binary_reader.hpp">
      <Filter>Library\nlohmann\detail\input</Filter>
    </ClInclude>
    <ClInclude Include="..\Library\nlohmann\detail\input\input_adapters.hpp">
      <Filter>Library\nlohmann\detail\input</Filter>
    </ClInclude>
    <ClInclude Include="..\Library\nlohmann\detail\input\json_sax.hpp">
      <Filter>Library\nlohmann\detail\input</Filter>
    </ClInclude>
    <ClInclude Include="..\Library\nlohmann\detail\input\lexer.hpp">
      <Filter>Library\nlohmann\detail\input</Filter>
    </ClInclude>
    <ClInclude Include="..\Library\nlohmann\detail\input\parser.hpp">
      <Filter>Library\nlohmann\detail\input</Filter>
    </ClInclude>
    <ClInclude Include="..\Library\nlohmann\detail\input\position_t.hpp">
      <Filter>Library\nlohmann\detail\input</Filter>
    </ClInclude>
    <ClInclude Include="..\Library\nlohmann\detail\conversions\from_json.hpp">
      <Filter>Library\nlohmann\detail\conversions</Filter>
    </ClInclude>
    <ClInclude Include="..\Library\nlohmann\detail\conversions\to_chars.hpp">
      <Filter>Library\nlohmann\detail\conversions</Filter>
    </ClInclude>
    <ClInclude Include="..\Library\nlohmann\detail\conversions\to_json.hpp">
      <Filter>Library\nlohmann\detail\conversions</Filter>
    </ClInclude>
    <ClInclude Include="..\Library\tinygltf\stb_image.h">
      <Filter>Library\tinygltf</Filter>
    </ClInclude>
    <ClInclude Include="..\Library\tinygltf\stb_image_write.h">
      <Filter>Library\tinygltf</Filter>
    </ClInclude>
    <ClInclude Include="..\Library\tinygltf\tiny_gltf.h">
      <Filter>Library\tinygltf</Filter>
    </ClInclude>
    <ClInclude Include="Src\Pch.h">
      <Filter>src</Filter>
    </ClInclude>
    <ClInclude Include="Src\Framework\KdFramework.h">
      <Filter>src\Framework</Filter>
    </ClInclude>
    <ClInclude Include="Src\Framework\Direct3D\KdMaterial.h">
      <Filter>src\Framework\Direct3D</Filter>
    </ClInclude>
    <ClInclude Include="Src\Framework\Direct3D\KdCamera.h">
      <Filter>src\Framework\Direct3D</Filter>
    </ClInclude>
    <ClInclude Include="src\Framework\Direct3D\KdDirect3D.h">
      <Filter>src\Framework\Direct3D</Filter>
    </ClInclude>
    <ClInclude Include="Src\Framework\Direct3D\KdGLTFLoader.h">
      <Filter>src\Framework\Direct3D</Filter>
    </ClInclude>
    <ClInclude Include="src\Framework\Direct3D\KdBuffer.h">
      <Filter>src\Framework\Direct3D</Filter>
    </ClInclude>
    <ClInclude Include="src\Framework\Direct3D\KdMesh.h">
      <Filter>src\Framework\Direct3D</Filter>
    </ClInclude>
    <ClInclude Include="Src\Framework\Direct3D\KdModel.h">
      <Filter>src\Framework\Direct3D</Filter>
    </ClInclude>
    <ClInclude Include="src\Framework\Direct3D\KdTexture.h">
      <Filter>src\Framework\Direct3D</Filter>
    </ClInclude>
    <ClInclude Include="Src\Framework\Direct3D\Polygon\KdPolygon.h">
      <Filter>src\Framework\Direct3D\Polygon</Filter>
    </ClInclude>
    <ClInclude Include="Src\Framework\Direct3D\Polygon\KdSquarePolygon.h">
      <Filter>src\Framework\Direct3D\Polygon</Filter>
    </ClInclude>
    <ClInclude Include="Src\Framework\Direct3D\Polygon\KdTrailPolygon.h">
      <Filter>src\Framework\Direct3D\Polygon</Filter>
    </ClInclude>
    <ClInclude Include="Src\Framework\Utility\KdDataStorage.h">
      <Filter>src\Framework\Utility</Filter>
    </ClInclude>
    <ClInclude Include="Src\Framework\Utility\KdCSVData.h">
      <Filter>src\Framework\Utility</Filter>
    </ClInclude>
    <ClInclude Include="Src\Framework\Utility\KdDebugWireFrame.h">
      <Filter>src\Framework\Utility</Filter>
    </ClInclude>
    <ClInclude Include="Src\Framework\Utility\KdFPSController.h">
      <Filter>src\Framework\Utility</Filter>
    </ClInclude>
    <ClInclude Include="src\Framework\Utility\KdUtility.h">
      <Filter>src\Framework\Utility</Filter>
    </ClInclude>
    <ClInclude Include="src\Framework\Window\KdWindow.h">
      <Filter>src\Framework\Window</Filter>
    </ClInclude>
    <ClInclude Include="Src\Framework\Shader\KdAmbientController.h">
      <Filter>src\Framework\Shader</Filter>
    </ClInclude>
    <ClInclude Include="Src\Framework\Shader\KdRenderTargetChange.h">
      <Filter>src\Framework\Shader</Filter>
    </ClInclude>
    <ClInclude Include="Src\Framework\Shader\KdShaderManager.h">
      <Filter>src\Framework\Shader</Filter>
    </ClInclude>
    <ClInclude Include="Src\Framework\Shader\SpriteShader\KdSpriteShader.h">
      <Filter>src\Framework\Shader\SpriteShader</Filter>
    </ClInclude>
    <ClInclude Include="Src\Framework\Shader\PostProcessShader\KdPostProcessShader.h">
      <Filter>src\Framework\Shader\PostProcessShader</Filter>
    </ClInclude>
    <ClInclude Include="Src\Framework\Shader\StandardShader\KdStandardShader.h">
      <Filter>src\Framework\Shader\StandardShader</Filter>
    </ClInclude>
    <ClInclude Include="Src\Framework\Math\KdCollider.h">
      <Filter>src\Framework\Math</Filter>
    </ClInclude>
    <ClInclude Include="Src\Framework\Math\KdEasing.h">
      <Filter>src\Framework\Math</Filter>
    </ClInclude>
    <ClInclude Include="Src\Framework\Math\KdUVAnimation.h">
      <Filter>src\Framework\Math</Filter>
    </ClInclude>
    <ClInclude Include="Src\Framework\Math\KdAnimation.h">
      <Filter>src\Framework\Math</Filter>
    </ClInclude>
    <ClInclude Include="Src\Framework\Math\KdCollision.h">
      <Filter>src\Framework\Math</Filter>
    </ClInclude>
    <ClInclude Include="Src\Framework\Audio\KdAudio.h">
      <Filter>src\Framework\Audio</Filter>
    </ClInclude>
    <ClInclude Include="Src\Framework\GameObject\KdGameObject.h">
      <Filter>src\Framework\GameObject</Filter>
    </ClInclude>
    <ClInclude Include="Src\Framework\GameObject\KdGameObjectFactory.h">
      <Filter>src\Framework\GameObject</Filter>
    </ClInclude>
    <ClInclude Include="Src\Framework\Input\KdInput.h">
      <Filter>src\Framework\Input</Filter>
    </ClInclude>
    <ClInclude Include="Src\Framework\Effekseer\KdEffekseerManager.h">
      <Filter>src\Framework\Effekseer</Filter>
    </ClInclude>
    <ClInclude Include="Src\Application\main.h">
      <Filter>src\Application</Filter>
    </ClInclude>
    <ClInclude Include="Src\Application\Object\Game\GameObject.h">
      <Filter>src\Application\Object\Game</Filter>
    </ClInclude>
    <ClInclude Include="Src\Application\Object\Game\Manager\GameObjectManager.h">
      <Filter>src\Application\Object\Game\Manager</Filter>
    </ClInclude>
    <ClInclude Include="Src\Application\Utility\Timer.h">
      <Filter>src\Application\Utility</Filter>
    </ClInclude>
    <ClInclude Include="Src\Application\Utility\Animation2D\Animation2D.h">
      <Filter>src\Application\Utility\Animation2D</Filter>
    </ClInclude>
    <ClInclude Include="Src\Application\Utility\CreateObject\CreateObject.h">
      <Filter>src\Application\Utility\CreateObject</Filter>
    </ClInclude>
    <ClInclude Include="Src\Application\Score\Score.h">
      <Filter>src\Application\Score</Filter>
    </ClInclude>
    <ClInclude Include="Src\System\SystemPch.h">
      <Filter>src\System</Filter>
    </ClInclude>
    <ClInclude Include="Src\System\Manager\ConfigManager\ConfigManager.h">
      <Filter>src\System\Manager\ConfigManager</Filter>
    </ClInclude>
    <ClInclude Include="Src\System\Manager\SceneMnager\SceneManager.h">
      <Filter>src\System\Manager\SceneMnager</Filter>
    </ClInclude>
    <ClInclude Include="Src\System\Manager\CameraManager\CameraManager.h">
      <Filter>src\System\Manager\CameraManager</Filter>
    </ClInclude>
    <ClInclude Include="Src\System\Manager\RenderManager\RenderManager.h">
      <Filter>src\System\Manager\RenderManager</Filter>
    </ClInclude>
    <ClInclude Include="Src\System\Manager\AssetManager\AssetManager.h">
      <Filter>src\System\Manager\AssetManager</Filter>
    </ClInclude>
    <ClInclude Include="Src\System\Utility\Utility.h">
      <Filter>src\System\Utility</Filter>
    </ClInclude>
    <ClInclude Include="Src\System\Utility\Helper\ImGuiHelper.h">
      <Filter>src\System\Utility\Helper</Filter>
    </ClInclude>
    <ClInclude Include="Src\System\Utility\Helper\ImGuizmoHelper.h">
      <Filter>src\System\Utility\Helper</Filter>
    </ClInclude>
    <ClInclude Include="Src\System\Utility\Helper\JsonHelper.h">
      <Filter>src\System\Utility\Helper</Filter>
    </ClInclude>
    <ClInclude Include="Src\System\Object\Object.h">
      <Filter>src\System\Object</Filter>
    </ClInclude>
    <ClInclude Include="Src\System\EditorWindow\Base\EditorWindowBase.h">
      <Filter>src\System\EditorWindow\Base</Filter>
    </ClInclude>
    <ClInclude Include="Src\System\EditorWindow\DebugLog\DebugLog.h">
      <Filter>src\System\EditorWindow\DebugLog</Filter>
    </ClInclude>
    <ClInclude Include="Src\System\EditorWindow\GameScreen\GameScreen.h">
      <Filter>src\System\EditorWindow\GameScreen</Filter>
    </ClInclude>
    <ClInclude Include="Src\System\EditorWindow\Inspector\Inspector.h">
      <Filter>src\System\EditorWindow\Inspector</Filter>
    </ClInclude>
    <ClInclude Include="Src\System\EditorWindow\SetUpScene\SetUpScene.h">
      <Filter>src\System\EditorWindow\SetUpScene</Filter>
    </ClInclude>
    <ClInclude Include="Src\System\EditorWindow\Hierarchy\Hierarchy.h">
      <Filter>src\System\EditorWindow\Hierarchy</Filter>
    </ClInclude>
    <ClInclude Include="Src\System\Engine\Engine.h">
      <Filter>src\System\Engine</Filter>
    </ClInclude>
    <ClInclude Include="Src\System\ComponentFactory\ComponentFactory.h">
      <Filter>src\System\ComponentFactory</Filter>
    </ClInclude>
    <ClInclude Include="Src\System\Component\RenderComponent\SquarePolygonComponent\SquarePolygonComponent.h">
      <Filter>src\System\Component\RenderComponent\SquarePolygonComponent</Filter>
    </ClInclude>
    <ClInclude Include="Src\System\Component\RenderComponent\TextureComponent\TextureComponent.h">
      <Filter>src\System\Component\RenderComponent\TextureComponent</Filter>
    </ClInclude>
    <ClInclude Include="Src\System\Component\RenderComponent\ModelWorkComponent\ModelWorkComponent.h">
      <Filter>src\System\Component\RenderComponent\ModelWorkComponent</Filter>
    </ClInclude>
    <ClInclude Include="Src\System\Component\RenderComponent\ModelDataComponent\ModelDataComponent.h">
      <Filter>src\System\Component\RenderComponent\ModelDataComponent</Filter>
    </ClInclude>
    <ClInclude Include="Src\System\Component\TransformComponent\TransformComponent.h">
      <Filter>src\System\Component\TransformComponent</Filter>
    </ClInclude>
    <ClInclude Include="Src\System\Component\RegidbodyComponent\RigidbodyComponent.h">
      <Filter>src\System\Component\RegidbodyComponent</Filter>
    </ClInclude>
    <ClInclude Include="Src\System\Component\CameraComponent\CameraComponent.h">
      <Filter>src\System\Component\CameraComponent</Filter>
    </ClInclude>
    <ClInclude Include="Src\System\EditorWindow\Prefab\FileEditor.h">
      <Filter>src\System\EditorWindow\Prehab</Filter>
    </ClInclude>
    <ClInclude Include="Src\System\EditorWindow\Prefab\Prefab.h">
      <Filter>src\System\EditorWindow\Prehab</Filter>
    </ClInclude>
    <ClInclude Include="Src\System\Manager\EditorWindowManager\EditorWindowManager.h">
      <Filter>src\System\Manager\EditorWindowManager</Filter>
    </ClInclude>
    <ClInclude Include="Src\Application\Object\Component\Camera\BuildCameraComponent\BuildCameraComponent.h">
      <Filter>src\Application\Object\Component\Camera\BuildCameraComponent</Filter>
    </ClInclude>
    <ClInclude Include="Src\System\Component\ColliderComponent\ColliderComponent.h">
      <Filter>src\System\Component\ColliderComponent</Filter>
    </ClInclude>
    <ClInclude Include="Src\Application\Object\Component\AllComponentIncluder.h">
      <Filter>src\Application\Object\Component</Filter>
    </ClInclude>
    <ClInclude Include="Src\Application\Object\Component\BoxCollisionComponent\BoxCollisionComponent.h">
      <Filter>src\Application\Object\Component\BoxCollisionComponent</Filter>
    </ClInclude>
    <ClInclude Include="Src\Application\Object\Component\BulletComponent\BulletComponent.h">
      <Filter>src\Application\Object\Component\BulletComponent</Filter>
    </ClInclude>
    <ClInclude Include="Src\Application\Object\Component\Counter\ChildCntComponent\ChildCntComponent.h">
      <Filter>src\Application\Object\Component\Counter\ChildCntComponent</Filter>
    </ClInclude>
    <ClInclude Include="Src\Application\Object\Component\Counter\CounterComponent\CounterComponent.h">
      <Filter>src\Application\Object\Component\Counter\CounterComponent</Filter>
    </ClInclude>
    <ClInclude Include="Src\Application\Object\Component\HitResult\HitResultBlockComponent\HitResultBlockComponent.h">
      <Filter>src\Application\Object\Component\HitResult\HitResultBlockComponent</Filter>
    </ClInclude>
    <ClInclude Include="Src\Application\Object\Component\HitResult\HitResultDestroyComponent\HitResultDestroyComponent.h">
      <Filter>src\Application\Object\Component\HitResult\HitResultDestroyComponent</Filter>
    </ClInclude>
    <ClInclude Include="Src\Application\Object\Component\HitResult\HitResultReflectComponent\HitResultReflectComponent.h">
      <Filter>src\Application\Object\Component\HitResult\HitResultReflectComponent</Filter>
    </ClInclude>
    <ClInclude Include="Src\Application\Object\Component\HitResult\HitResultSceneComponent\HitResultSceneComponent.h">
      <Filter>src\Application\Object\Component\HitResult\HitResultSceneComponent</Filter>
    </ClInclude>
    <ClInclude Include="Src\Application\Object\Component\LauncherComponent\LauncherComponent.h">
      <Filter>src\Application\Object\Component\LauncherComponent</Filter>
    </ClInclude>
    <ClInclude Include="Src\Application\Object\Component\ParticleComponent\ParticleComponent.h">
      <Filter>src\Application\Object\Component\ParticleComponent</Filter>
    </ClInclude>
    <ClInclude Include="Src\Application\Object\Component\PlayerComponent\PlayerComponent.h">
      <Filter>src\Application\Object\Component\PlayerComponent</Filter>
    </ClInclude>
    <ClInclude Include="Src\Application\Object\Component\RegidbodyInterface\MoveLimitComponent\MoveLimitComponent.h">
      <Filter>src\Application\Object\Component\RegidbodyInterface\MoveLimitComponent</Filter>
    </ClInclude>
    <ClInclude Include="Src\Application\Object\Component\RegidbodyInterface\MoveLocusComponent\MoveLocusComponent.h">
      <Filter>src\Application\Object\Component\RegidbodyInterface\MoveLocusComponent</Filter>
    </ClInclude>
    <ClInclude Include="Src\Application\Object\Component\RenderInterface\TimerDisplayComponent\TimerDisplayComponent.h">
      <Filter>src\Application\Object\Component\RenderInterface\TimerDisplayComponent</Filter>
    </ClInclude>
    <ClInclude Include="Src\Application\Object\Component\SceneInterface\EnterToSceneComponent\EnterToSceneComponent.h">
      <Filter>src\Application\Object\Component\SceneInterface\EnterToSceneComponent</Filter>
    </ClInclude>
    <ClInclude Include="Src\Application\Object\Component\SceneInterface\SceneActiveComponent\SceneActiveComponent.h">
      <Filter>src\Application\Object\Component\SceneInterface\SceneActiveComponent</Filter>
    </ClInclude>
    <ClInclude Include="Src\Application\Object\Component\SceneInterface\SceneChangerComponent\SceneChangerComponent.h">
      <Filter>src\Application\Object\Component\SceneInterface\SceneChangerComponent</Filter>
    </ClInclude>
    <ClInclude Include="Src\Application\Object\Component\RenderInterface\SinCurveAlphaComponent\SinCurveAlphaComponent.h">
      <Filter>src\Application\Object\Component\RenderInterface\SinCurveAlphaComponent</Filter>
    </ClInclude>
    <ClInclude Include="Src\Application\Object\Component\TrasformInterface\AddRotationComponent\AddRotaionComponent.h">
      <Filter>src\Application\Object\Component\TrasformInterface\AddRotationComponent</Filter>
    </ClInclude>
    <ClInclude Include="Src\Application\Object\Component\TrasformInterface\TransFormInheritComponent\TransFormInheritComponent.h">
      <Filter>src\Application\Object\Component\TrasformInterface\TransFormInheritComponent</Filter>
    </ClInclude>
    <ClInclude Include="Src\Application\Object\Component\TrasformInterface\TransformLimitComponent\TransformLimitComponent.h">
      <Filter>src\Application\Object\Component\TrasformInterface\TransformLimitComponent</Filter>
    </ClInclude>
    <ClInclude Include="Src\Application\Object\Component\RegidbodyInterface\ControllerComponent\ControllerComponent.h">
      <Filter>src\Application\Object\Component\RegidbodyInterface\ControllerComponent</Filter>
    </ClInclude>
    <ClInclude Include="Src\Application\Object\Component\Counter\ScoreCounterComponent\ScoreCounterComponent.h">
      <Filter>src\Application\Object\Component\Counter\ScoreCounterComponent</Filter>
    </ClInclude>
    <ClInclude Include="Src\Application\Object\Component\HitResult\HitResultComponent.h">
      <Filter>src\Application\Object\Component\HitResult</Filter>
    </ClInclude>
  </ItemGroup>
  <ItemGroup>
    <ClCompile Include="..\Library\imgui\imgui.cpp">
      <Filter>Library\imgui</Filter>
    </ClCompile>
    <ClCompile Include="..\Library\imgui\imgui_demo.cpp">
      <Filter>Library\imgui</Filter>
    </ClCompile>
    <ClCompile Include="..\Library\imgui\imgui_draw.cpp">
      <Filter>Library\imgui</Filter>
    </ClCompile>
    <ClCompile Include="..\Library\imgui\imgui_impl_dx11.cpp">
      <Filter>Library\imgui</Filter>
    </ClCompile>
    <ClCompile Include="..\Library\imgui\imgui_impl_win32.cpp">
      <Filter>Library\imgui</Filter>
    </ClCompile>
    <ClCompile Include="..\Library\imgui\imgui_stdlib.cpp">
      <Filter>Library\imgui</Filter>
    </ClCompile>
    <ClCompile Include="..\Library\imgui\imgui_tables.cpp">
      <Filter>Library\imgui</Filter>
    </ClCompile>
    <ClCompile Include="..\Library\imgui\imgui_widgets.cpp">
      <Filter>Library\imgui</Filter>
    </ClCompile>
    <ClCompile Include="..\Library\imgui\ImGuizmo\GraphEditor.cpp">
      <Filter>Library\imgui\ImGuizmo</Filter>
    </ClCompile>
    <ClCompile Include="..\Library\imgui\ImGuizmo\ImCurveEdit.cpp">
      <Filter>Library\imgui\ImGuizmo</Filter>
    </ClCompile>
    <ClCompile Include="..\Library\imgui\ImGuizmo\ImGradient.cpp">
      <Filter>Library\imgui\ImGuizmo</Filter>
    </ClCompile>
    <ClCompile Include="..\Library\imgui\ImGuizmo\ImGuizmo.cpp">
      <Filter>Library\imgui\ImGuizmo</Filter>
    </ClCompile>
    <ClCompile Include="..\Library\imgui\ImGuizmo\ImSequencer.cpp">
      <Filter>Library\imgui\ImGuizmo</Filter>
    </ClCompile>
    <ClCompile Include="src\Pch.cpp">
      <Filter>src</Filter>
    </ClCompile>
    <ClCompile Include="Src\Framework\Direct3D\KdMaterial.cpp">
      <Filter>src\Framework\Direct3D</Filter>
    </ClCompile>
    <ClCompile Include="Src\Framework\Direct3D\KdCamera.cpp">
      <Filter>src\Framework\Direct3D</Filter>
    </ClCompile>
    <ClCompile Include="src\Framework\Direct3D\KdDirect3D.cpp">
      <Filter>src\Framework\Direct3D</Filter>
    </ClCompile>
    <ClCompile Include="Src\Framework\Direct3D\KdGLTFLoader.cpp">
      <Filter>src\Framework\Direct3D</Filter>
    </ClCompile>
    <ClCompile Include="src\Framework\Direct3D\KdBuffer.cpp">
      <Filter>src\Framework\Direct3D</Filter>
    </ClCompile>
    <ClCompile Include="src\Framework\Direct3D\KdMesh.cpp">
      <Filter>src\Framework\Direct3D</Filter>
    </ClCompile>
    <ClCompile Include="Src\Framework\Direct3D\KdModel.cpp">
      <Filter>src\Framework\Direct3D</Filter>
    </ClCompile>
    <ClCompile Include="src\Framework\Direct3D\KdTexture.cpp">
      <Filter>src\Framework\Direct3D</Filter>
    </ClCompile>
    <ClCompile Include="Src\Framework\Direct3D\Polygon\KdPolygon.cpp">
      <Filter>src\Framework\Direct3D\Polygon</Filter>
    </ClCompile>
    <ClCompile Include="Src\Framework\Direct3D\Polygon\KdSquarePolygon.cpp">
      <Filter>src\Framework\Direct3D\Polygon</Filter>
    </ClCompile>
    <ClCompile Include="Src\Framework\Direct3D\Polygon\KdTrailPolygon.cpp">
      <Filter>src\Framework\Direct3D\Polygon</Filter>
    </ClCompile>
    <ClCompile Include="Src\Framework\Utility\KdCSVData.cpp">
      <Filter>src\Framework\Utility</Filter>
    </ClCompile>
    <ClCompile Include="Src\Framework\Utility\KdDebugWireFrame.cpp">
      <Filter>src\Framework\Utility</Filter>
    </ClCompile>
    <ClCompile Include="Src\Framework\Utility\KdFPSController.cpp">
      <Filter>src\Framework\Utility</Filter>
    </ClCompile>
    <ClCompile Include="Src\Framework\Utility\KdUtility.cpp">
      <Filter>src\Framework\Utility</Filter>
    </ClCompile>
    <ClCompile Include="src\Framework\Window\KdWindow.cpp">
      <Filter>src\Framework\Window</Filter>
    </ClCompile>
    <ClCompile Include="Src\Framework\Shader\KdAmbientController.cpp">
      <Filter>src\Framework\Shader</Filter>
    </ClCompile>
    <ClCompile Include="Src\Framework\Shader\KdRenderTargetChange.cpp">
      <Filter>src\Framework\Shader</Filter>
    </ClCompile>
    <ClCompile Include="Src\Framework\Shader\KdShaderManager.cpp">
      <Filter>src\Framework\Shader</Filter>
    </ClCompile>
    <ClCompile Include="Src\Framework\Shader\SpriteShader\KdSpriteShader.cpp">
      <Filter>src\Framework\Shader\SpriteShader</Filter>
    </ClCompile>
    <ClCompile Include="Src\Framework\Shader\PostProcessShader\KdPostProcessShader.cpp">
      <Filter>src\Framework\Shader\PostProcessShader</Filter>
    </ClCompile>
    <ClCompile Include="Src\Framework\Shader\StandardShader\KdStandardShader.cpp">
      <Filter>src\Framework\Shader\StandardShader</Filter>
    </ClCompile>
    <ClCompile Include="Src\Framework\Math\KdCollider.cpp">
      <Filter>src\Framework\Math</Filter>
    </ClCompile>
    <ClCompile Include="Src\Framework\Math\KdEasing.cpp">
      <Filter>src\Framework\Math</Filter>
    </ClCompile>
    <ClCompile Include="Src\Framework\Math\KdUVAnimation.cpp">
      <Filter>src\Framework\Math</Filter>
    </ClCompile>
    <ClCompile Include="Src\Framework\Math\KdAnimation.cpp">
      <Filter>src\Framework\Math</Filter>
    </ClCompile>
    <ClCompile Include="Src\Framework\Math\KdCollision.cpp">
      <Filter>src\Framework\Math</Filter>
    </ClCompile>
    <ClCompile Include="Src\Framework\Audio\KdAudio.cpp">
      <Filter>src\Framework\Audio</Filter>
    </ClCompile>
    <ClCompile Include="Src\Framework\GameObject\KdGameObject.cpp">
      <Filter>src\Framework\GameObject</Filter>
    </ClCompile>
    <ClCompile Include="Src\Framework\GameObject\KdGameObjectFactory.cpp">
      <Filter>src\Framework\GameObject</Filter>
    </ClCompile>
    <ClCompile Include="Src\Framework\Input\KdInput.cpp">
      <Filter>src\Framework\Input</Filter>
    </ClCompile>
    <ClCompile Include="Src\Framework\Effekseer\KdEffekseerManager.cpp">
      <Filter>src\Framework\Effekseer</Filter>
    </ClCompile>
    <ClCompile Include="Src\Application\main.cpp">
      <Filter>src\Application</Filter>
    </ClCompile>
    <ClCompile Include="Src\Application\Object\Game\GameObject.cpp">
      <Filter>src\Application\Object\Game</Filter>
    </ClCompile>
    <ClCompile Include="Src\Application\Object\Game\Manager\GameObjectManager.cpp">
      <Filter>src\Application\Object\Game\Manager</Filter>
    </ClCompile>
    <ClCompile Include="Src\Application\Utility\Animation2D\Animation2D.cpp">
      <Filter>src\Application\Utility\Animation2D</Filter>
    </ClCompile>
    <ClCompile Include="Src\Application\Utility\CreateObject\CreateObject.cpp">
      <Filter>src\Application\Utility\CreateObject</Filter>
    </ClCompile>
    <ClCompile Include="Src\Application\Score\Score.cpp">
      <Filter>src\Application\Score</Filter>
    </ClCompile>
    <ClCompile Include="Src\System\Manager\ConfigManager\ConfigManager.cpp">
      <Filter>src\System\Manager\ConfigManager</Filter>
    </ClCompile>
    <ClCompile Include="Src\System\Manager\SceneMnager\SceneManager.cpp">
      <Filter>src\System\Manager\SceneMnager</Filter>
    </ClCompile>
    <ClCompile Include="Src\System\Manager\CameraManager\CameraManager.cpp">
      <Filter>src\System\Manager\CameraManager</Filter>
    </ClCompile>
    <ClCompile Include="Src\System\Manager\RenderManager\RenderManager.cpp">
      <Filter>src\System\Manager\RenderManager</Filter>
    </ClCompile>
    <ClCompile Include="Src\System\Manager\AssetManager\AssetManager.cpp">
      <Filter>src\System\Manager\AssetManager</Filter>
    </ClCompile>
    <ClCompile Include="Src\System\EditorWindow\Base\EditorWindowBase.cpp">
      <Filter>src\System\EditorWindow\Base</Filter>
    </ClCompile>
    <ClCompile Include="Src\System\EditorWindow\DebugLog\DebugLog.cpp">
      <Filter>src\System\EditorWindow\DebugLog</Filter>
    </ClCompile>
    <ClCompile Include="Src\System\EditorWindow\GameScreen\GameScreen.cpp">
      <Filter>src\System\EditorWindow\GameScreen</Filter>
    </ClCompile>
    <ClCompile Include="Src\System\EditorWindow\Inspector\Inspector.cpp">
      <Filter>src\System\EditorWindow\Inspector</Filter>
    </ClCompile>
    <ClCompile Include="Src\System\EditorWindow\SetUpScene\SetUpScene.cpp">
      <Filter>src\System\EditorWindow\SetUpScene</Filter>
    </ClCompile>
    <ClCompile Include="Src\System\EditorWindow\Hierarchy\Hierarchy.cpp">
      <Filter>src\System\EditorWindow\Hierarchy</Filter>
    </ClCompile>
    <ClCompile Include="Src\System\Engine\Engine.cpp">
      <Filter>src\System\Engine</Filter>
    </ClCompile>
    <ClCompile Include="Src\System\Component\RenderComponent\SquarePolygonComponent\SquarePolygonComponent.cpp">
      <Filter>src\System\Component\RenderComponent\SquarePolygonComponent</Filter>
    </ClCompile>
    <ClCompile Include="Src\System\Component\RenderComponent\TextureComponent\TextureComponent.cpp">
      <Filter>src\System\Component\RenderComponent\TextureComponent</Filter>
    </ClCompile>
    <ClCompile Include="Src\System\Component\RenderComponent\ModelWorkComponent\ModelWorkComponent.cpp">
      <Filter>src\System\Component\RenderComponent\ModelWorkComponent</Filter>
    </ClCompile>
    <ClCompile Include="Src\System\Component\RenderComponent\ModelDataComponent\ModelDataComponent.cpp">
      <Filter>src\System\Component\RenderComponent\ModelDataComponent</Filter>
    </ClCompile>
    <ClCompile Include="Src\System\Component\TransformComponent\TransformComponent.cpp">
      <Filter>src\System\Component\TransformComponent</Filter>
    </ClCompile>
    <ClCompile Include="Src\System\Component\RegidbodyComponent\RigidbodyComponent.cpp">
      <Filter>src\System\Component\RegidbodyComponent</Filter>
    </ClCompile>
    <ClCompile Include="Src\System\Component\CameraComponent\CameraComponent.cpp">
      <Filter>src\System\Component\CameraComponent</Filter>
    </ClCompile>
    <ClCompile Include="Src\System\EditorWindow\Prefab\Prefab.cpp">
      <Filter>src\System\EditorWindow\Prehab</Filter>
    </ClCompile>
    <ClCompile Include="Src\System\Manager\EditorWindowManager\EditorWindowManager.cpp">
      <Filter>src\System\Manager\EditorWindowManager</Filter>
    </ClCompile>
    <ClCompile Include="Src\Application\Object\Component\Camera\BuildCameraComponent\BuildCameraComponent.cpp">
      <Filter>src\Application\Object\Component\Camera\BuildCameraComponent</Filter>
    </ClCompile>
    <ClCompile Include="Src\System\Component\ColliderComponent\ColliderComponent.cpp">
      <Filter>src\System\Component\ColliderComponent</Filter>
    </ClCompile>
    <ClCompile Include="Src\Application\Object\Component\BoxCollisionComponent\BoxCollisionComponent.cpp">
      <Filter>src\Application\Object\Component\BoxCollisionComponent</Filter>
    </ClCompile>
    <ClCompile Include="Src\Application\Object\Component\BulletComponent\BulletComponent.cpp">
      <Filter>src\Application\Object\Component\BulletComponent</Filter>
    </ClCompile>
    <ClCompile Include="Src\Application\Object\Component\Counter\ChildCntComponent\ChildCntComponent.cpp">
      <Filter>src\Application\Object\Component\Counter\ChildCntComponent</Filter>
    </ClCompile>
    <ClCompile Include="Src\Application\Object\Component\Counter\CounterComponent\CounterComponent.cpp">
      <Filter>src\Application\Object\Component\Counter\CounterComponent</Filter>
    </ClCompile>
    <ClCompile Include="Src\Application\Object\Component\HitResult\HitResultBlockComponent\HitResultBlockComponent.cpp">
      <Filter>src\Application\Object\Component\HitResult\HitResultBlockComponent</Filter>
    </ClCompile>
    <ClCompile Include="Src\Application\Object\Component\HitResult\HitResultDestroyComponent\HitResultDestroyComponent.cpp">
      <Filter>src\Application\Object\Component\HitResult\HitResultDestroyComponent</Filter>
    </ClCompile>
    <ClCompile Include="Src\Application\Object\Component\HitResult\HitResultReflectComponent\HitResultReflectComponent.cpp">
      <Filter>src\Application\Object\Component\HitResult\HitResultReflectComponent</Filter>
    </ClCompile>
    <ClCompile Include="Src\Application\Object\Component\HitResult\HitResultSceneComponent\HitResultSceneComponent.cpp">
      <Filter>src\Application\Object\Component\HitResult\HitResultSceneComponent</Filter>
    </ClCompile>
    <ClCompile Include="Src\Application\Object\Component\LauncherComponent\LauncherComponent.cpp">
      <Filter>src\Application\Object\Component\LauncherComponent</Filter>
    </ClCompile>
    <ClCompile Include="Src\Application\Object\Component\ParticleComponent\ParticleComponent.cpp">
      <Filter>src\Application\Object\Component\ParticleComponent</Filter>
    </ClCompile>
    <ClCompile Include="Src\Application\Object\Component\PlayerComponent\PlayerComponent.cpp">
      <Filter>src\Application\Object\Component\PlayerComponent</Filter>
    </ClCompile>
    <ClCompile Include="Src\Application\Object\Component\RegidbodyInterface\MoveLimitComponent\MoveLimitComponent.cpp">
      <Filter>src\Application\Object\Component\RegidbodyInterface\MoveLimitComponent</Filter>
    </ClCompile>
    <ClCompile Include="Src\Application\Object\Component\RegidbodyInterface\MoveLocusComponent\MoveLocusComponent.cpp">
      <Filter>src\Application\Object\Component\RegidbodyInterface\MoveLocusComponent</Filter>
    </ClCompile>
    <ClCompile Include="Src\Application\Object\Component\RenderInterface\TimerDisplayComponent\TimerDisplayComponent.cpp">
      <Filter>src\Application\Object\Component\RenderInterface\TimerDisplayComponent</Filter>
    </ClCompile>
    <ClCompile Include="Src\Application\Object\Component\SceneInterface\EnterToSceneComponent\EnterToSceneComponent.cpp">
      <Filter>src\Application\Object\Component\SceneInterface\EnterToSceneComponent</Filter>
    </ClCompile>
    <ClCompile Include="Src\Application\Object\Component\SceneInterface\SceneActiveComponent\SceneActiveComponent.cpp">
      <Filter>src\Application\Object\Component\SceneInterface\SceneActiveComponent</Filter>
    </ClCompile>
    <ClCompile Include="Src\Application\Object\Component\SceneInterface\SceneChangerComponent\SceneChangerComponent.cpp">
      <Filter>src\Application\Object\Component\SceneInterface\SceneChangerComponent</Filter>
    </ClCompile>
    <ClCompile Include="Src\Application\Object\Component\RenderInterface\SinCurveAlphaComponent\SinCurveAlphaComponent.cpp">
      <Filter>src\Application\Object\Component\RenderInterface\SinCurveAlphaComponent</Filter>
    </ClCompile>
    <ClCompile Include="Src\Application\Object\Component\TrasformInterface\AddRotationComponent\AddRotaionComponent.cpp">
      <Filter>src\Application\Object\Component\TrasformInterface\AddRotationComponent</Filter>
    </ClCompile>
    <ClCompile Include="Src\Application\Object\Component\TrasformInterface\TransFormInheritComponent\TransFormInheritComponent.cpp">
      <Filter>src\Application\Object\Component\TrasformInterface\TransFormInheritComponent</Filter>
    </ClCompile>
    <ClCompile Include="Src\Application\Object\Component\TrasformInterface\TransformLimitComponent\TransformLimitComponent.cpp">
      <Filter>src\Application\Object\Component\TrasformInterface\TransformLimitComponent</Filter>
    </ClCompile>
    <ClCompile Include="Src\Application\Object\Component\RegidbodyInterface\ControllerComponent\ControllerComponent.cpp">
      <Filter>src\Application\Object\Component\RegidbodyInterface\ControllerComponent</Filter>
    </ClCompile>
    <ClCompile Include="Src\Application\Object\Component\Counter\ScoreCounterComponent\ScoreCounterComponent.cpp">
      <Filter>src\Application\Object\Component\Counter\ScoreCounterComponent</Filter>
    </ClCompile>
    <ClCompile Include="Src\Application\Object\Component\HitResult\HitResultComponent.cpp">
      <Filter>src\Application\Object\Component\HitResult</Filter>
    </ClCompile>
  </ItemGroup>
  <ItemGroup>
    <None Include="Src\Framework\Shader\inc_KdCommon.hlsli">
      <Filter>src\Framework\Shader</Filter>
    </None>
    <None Include="Src\Framework\Shader\SpriteShader\inc_KdSpriteShader.hlsli">
      <Filter>src\Framework\Shader\SpriteShader</Filter>
    </None>
    <None Include="Src\Framework\Shader\PostProcessShader\inc_KdPostProcessShader.hlsli">
      <Filter>src\Framework\Shader\PostProcessShader</Filter>
    </None>
    <None Include="Src\Framework\Shader\StandardShader\inc_KdStandardShader.hlsli">
      <Filter>src\Framework\Shader\StandardShader</Filter>
    </None>
  </ItemGroup>
  <ItemGroup>
    <FxCompile Include="Src\Framework\Shader\SpriteShader\KdSpriteShader_PS.hlsl">
      <Filter>src\Framework\Shader\SpriteShader</Filter>
    </FxCompile>
    <FxCompile Include="Src\Framework\Shader\SpriteShader\KdSpriteShader_VS.hlsl">
      <Filter>src\Framework\Shader\SpriteShader</Filter>
    </FxCompile>
    <FxCompile Include="Src\Framework\Shader\PostProcessShader\KdPostProcessShader_PS_Blur.hlsl">
      <Filter>src\Framework\Shader\PostProcessShader</Filter>
    </FxCompile>
    <FxCompile Include="Src\Framework\Shader\PostProcessShader\KdPostProcessShader_PS_Bright.hlsl">
      <Filter>src\Framework\Shader\PostProcessShader</Filter>
    </FxCompile>
    <FxCompile Include="Src\Framework\Shader\PostProcessShader\KdPostProcessShader_PS_DoF.hlsl">
      <Filter>src\Framework\Shader\PostProcessShader</Filter>
    </FxCompile>
    <FxCompile Include="Src\Framework\Shader\PostProcessShader\KdPostProcessShader_VS.hlsl">
      <Filter>src\Framework\Shader\PostProcessShader</Filter>
    </FxCompile>
    <FxCompile Include="Src\Framework\Shader\StandardShader\KdStandardShader_PS_GenDepthMapFromLight.hlsl">
      <Filter>src\Framework\Shader\StandardShader</Filter>
    </FxCompile>
    <FxCompile Include="Src\Framework\Shader\StandardShader\KdStandardShader_PS_Lit.hlsl">
      <Filter>src\Framework\Shader\StandardShader</Filter>
    </FxCompile>
    <FxCompile Include="Src\Framework\Shader\StandardShader\KdStandardShader_PS_UnLit.hlsl">
      <Filter>src\Framework\Shader\StandardShader</Filter>
    </FxCompile>
    <FxCompile Include="Src\Framework\Shader\StandardShader\KdStandardShader_VS_GenDepthMapFromLight.hlsl">
      <Filter>src\Framework\Shader\StandardShader</Filter>
    </FxCompile>
    <FxCompile Include="Src\Framework\Shader\StandardShader\KdStandardShader_VS_Lit.hlsl">
      <Filter>src\Framework\Shader\StandardShader</Filter>
    </FxCompile>
    <FxCompile Include="Src\Framework\Shader\StandardShader\KdStandardShader_VS_UnLit.hlsl">
      <Filter>src\Framework\Shader\StandardShader</Filter>
    </FxCompile>
  </ItemGroup>
  <ItemGroup>
    <Filter Include="Library">
      <UniqueIdentifier>{4b717e19-c5cc-4c2b-a68e-4e4c58598ee9}</UniqueIdentifier>
    </Filter>
    <Filter Include="Library\imgui">
      <UniqueIdentifier>{09d2e2c3-84d2-48c4-b545-249c89ec7409}</UniqueIdentifier>
    </Filter>
    <Filter Include="Library\imgui\ImGuizmo">
      <UniqueIdentifier>{6fd7b5bb-cd38-4223-825a-426a57105ba7}</UniqueIdentifier>
    </Filter>
    <Filter Include="Library\magic_enum">
      <UniqueIdentifier>{4e0efef4-561d-4037-9ea5-2534d767c66d}</UniqueIdentifier>
    </Filter>
    <Filter Include="Library\nlohmann">
      <UniqueIdentifier>{c11e35c6-f4c9-4f20-a751-8770146b4fdd}</UniqueIdentifier>
    </Filter>
    <Filter Include="Library\nlohmann\thirdparty">
      <UniqueIdentifier>{72212441-8207-4184-8f98-8c4d38164caa}</UniqueIdentifier>
    </Filter>
    <Filter Include="Library\nlohmann\thirdparty\hedley">
      <UniqueIdentifier>{8c599c3b-0041-4c87-8334-4d8d8430b52c}</UniqueIdentifier>
    </Filter>
    <Filter Include="Library\nlohmann\detail">
      <UniqueIdentifier>{674e35bb-0903-4f63-b25f-bd3c6d53e26b}</UniqueIdentifier>
    </Filter>
    <Filter Include="Library\nlohmann\detail\output">
      <UniqueIdentifier>{72cbc923-5d6b-4c58-a234-eb6052fa144e}</UniqueIdentifier>
    </Filter>
    <Filter Include="Library\nlohmann\detail\meta">
      <UniqueIdentifier>{63443d61-37c1-4401-a761-66b6ab563f32}</UniqueIdentifier>
    </Filter>
    <Filter Include="Library\nlohmann\detail\meta\call_std">
      <UniqueIdentifier>{51313a2c-31ea-4b2b-a0c3-30dbc1b577c2}</UniqueIdentifier>
    </Filter>
    <Filter Include="Library\nlohmann\detail\iterators">
      <UniqueIdentifier>{26f1dcad-e6e4-49cf-8427-7c60b3494511}</UniqueIdentifier>
    </Filter>
    <Filter Include="Library\nlohmann\detail\input">
      <UniqueIdentifier>{e6ddff5e-0f09-4e54-a259-f42ae888a43e}</UniqueIdentifier>
    </Filter>
    <Filter Include="Library\nlohmann\detail\conversions">
      <UniqueIdentifier>{3435f349-c2bb-4df5-9e3f-f78a4d27c344}</UniqueIdentifier>
    </Filter>
    <Filter Include="Library\tinygltf">
      <UniqueIdentifier>{708d66e5-8859-4490-a978-d9bfd9def812}</UniqueIdentifier>
    </Filter>
    <Filter Include="src">
      <UniqueIdentifier>{e33aa760-54c4-4c0a-9590-8729073005fc}</UniqueIdentifier>
    </Filter>
    <Filter Include="src\Framework">
      <UniqueIdentifier>{b8af5af5-7084-437e-9e51-7a1075d3e4ef}</UniqueIdentifier>
    </Filter>
    <Filter Include="src\Framework\Direct3D">
      <UniqueIdentifier>{31cf6188-f997-4b43-8604-ac544fa0c2ec}</UniqueIdentifier>
    </Filter>
    <Filter Include="src\Framework\Direct3D\Polygon">
      <UniqueIdentifier>{45291d32-a1fa-4650-aae0-16cfed72ada5}</UniqueIdentifier>
    </Filter>
    <Filter Include="src\Framework\Utility">
      <UniqueIdentifier>{de52df76-b266-4fcc-9bcd-f326726e3425}</UniqueIdentifier>
    </Filter>
    <Filter Include="src\Framework\Window">
      <UniqueIdentifier>{72d6c39b-7358-4dd6-934d-5ef1c4b7498f}</UniqueIdentifier>
    </Filter>
    <Filter Include="src\Framework\Shader">
      <UniqueIdentifier>{a688543b-0969-46d0-9509-28a4a9a3c94f}</UniqueIdentifier>
    </Filter>
    <Filter Include="src\Framework\Shader\SpriteShader">
      <UniqueIdentifier>{925aee4a-b137-4012-9d1b-d4ec740e14ac}</UniqueIdentifier>
    </Filter>
    <Filter Include="src\Framework\Shader\PostProcessShader">
      <UniqueIdentifier>{1346119e-3fae-4d36-9ed0-53790f093c74}</UniqueIdentifier>
    </Filter>
    <Filter Include="src\Framework\Shader\StandardShader">
      <UniqueIdentifier>{2212685d-eba6-400f-8f97-bc3fe9f285fa}</UniqueIdentifier>
    </Filter>
    <Filter Include="src\Framework\Math">
      <UniqueIdentifier>{fb7d8a2a-4676-4bde-9a10-a3a3e9ab0bc6}</UniqueIdentifier>
    </Filter>
    <Filter Include="src\Framework\Audio">
      <UniqueIdentifier>{6dded40c-ac95-465f-b36c-c33c785c429a}</UniqueIdentifier>
    </Filter>
    <Filter Include="src\Framework\GameObject">
      <UniqueIdentifier>{d38f55d7-7ad2-4171-a4f0-0bc4074381c1}</UniqueIdentifier>
    </Filter>
    <Filter Include="src\Framework\Input">
      <UniqueIdentifier>{a88f0402-2cb4-4fe2-8cd4-970f5b3f7587}</UniqueIdentifier>
    </Filter>
    <Filter Include="src\Framework\Effekseer">
      <UniqueIdentifier>{78cd6dbb-0745-48f7-b8cd-311e93981034}</UniqueIdentifier>
    </Filter>
    <Filter Include="src\Application">
      <UniqueIdentifier>{12465db3-8573-424a-921f-6df85bf9d40d}</UniqueIdentifier>
    </Filter>
    <Filter Include="src\Application\Object">
      <UniqueIdentifier>{e67f6151-c1f9-4f3b-9fe6-1e7b3e0e1c71}</UniqueIdentifier>
    </Filter>
    <Filter Include="src\Application\Object\Game">
      <UniqueIdentifier>{b7d7329c-9330-4f89-bc27-317c85e71117}</UniqueIdentifier>
    </Filter>
    <Filter Include="src\Application\Object\Game\Manager">
      <UniqueIdentifier>{f2ff3b80-334c-4acc-b0f1-446e8a45b65f}</UniqueIdentifier>
    </Filter>
    <Filter Include="src\Application\Utility">
      <UniqueIdentifier>{c6f0927b-566f-4c30-9871-837da132f462}</UniqueIdentifier>
    </Filter>
    <Filter Include="src\Application\Utility\Animation2D">
      <UniqueIdentifier>{1ef02ca4-8d6e-4c1d-9a4d-949a799fa8cf}</UniqueIdentifier>
    </Filter>
    <Filter Include="src\Application\Utility\CreateObject">
      <UniqueIdentifier>{fb386c49-b387-471b-b082-1d8b52a1f6fb}</UniqueIdentifier>
    </Filter>
    <Filter Include="src\Application\Score">
      <UniqueIdentifier>{6901afa8-0fef-4b02-a259-06e7de7701ae}</UniqueIdentifier>
    </Filter>
    <Filter Include="src\System">
      <UniqueIdentifier>{b3fb4b9e-7802-4499-abab-c3a11620c016}</UniqueIdentifier>
    </Filter>
    <Filter Include="src\System\Manager">
      <UniqueIdentifier>{39f278e1-4297-461e-a642-8fa80bc357f0}</UniqueIdentifier>
    </Filter>
    <Filter Include="src\System\Manager\ConfigManager">
      <UniqueIdentifier>{e85c4f75-3b14-402a-ba20-a81440de140d}</UniqueIdentifier>
    </Filter>
    <Filter Include="src\System\Manager\SceneMnager">
      <UniqueIdentifier>{3bb10b78-e23d-443c-8d62-9e5dd7a35c42}</UniqueIdentifier>
    </Filter>
    <Filter Include="src\System\Manager\CameraManager">
      <UniqueIdentifier>{5576e1a1-89b8-46f8-a4bf-7dfa2a0fb4dc}</UniqueIdentifier>
    </Filter>
    <Filter Include="src\System\Manager\RenderManager">
      <UniqueIdentifier>{d9036958-63f4-4e20-a874-095610a58df2}</UniqueIdentifier>
    </Filter>
    <Filter Include="src\System\Manager\AssetManager">
      <UniqueIdentifier>{4ba03a8a-d730-41cc-8e83-57b479c5220c}</UniqueIdentifier>
    </Filter>
    <Filter Include="src\System\Manager\EditorWindowManager">
      <UniqueIdentifier>{ac4c1a4a-f286-4b35-9311-b52754b49432}</UniqueIdentifier>
    </Filter>
    <Filter Include="src\System\Utility">
      <UniqueIdentifier>{cd20272c-fdca-493a-9402-1054eb58fcce}</UniqueIdentifier>
    </Filter>
    <Filter Include="src\System\Utility\Helper">
      <UniqueIdentifier>{33c02996-663f-4f32-a224-6bbb1b770825}</UniqueIdentifier>
    </Filter>
    <Filter Include="src\System\Object">
      <UniqueIdentifier>{676a48bc-bc00-449e-87bd-7f7b123a09aa}</UniqueIdentifier>
    </Filter>
    <Filter Include="src\System\EditorWindow">
      <UniqueIdentifier>{b07f894a-9ec9-41fd-8e2c-b4729687667d}</UniqueIdentifier>
    </Filter>
    <Filter Include="src\System\EditorWindow\Base">
      <UniqueIdentifier>{59ed102b-8d89-4384-888f-75e26820a9bb}</UniqueIdentifier>
    </Filter>
    <Filter Include="src\System\EditorWindow\DebugLog">
      <UniqueIdentifier>{a24fd2cb-1109-4327-b805-4ada5195bbac}</UniqueIdentifier>
    </Filter>
    <Filter Include="src\System\EditorWindow\GameScreen">
      <UniqueIdentifier>{d5dde468-d110-4404-b7e5-0473af4556c5}</UniqueIdentifier>
    </Filter>
    <Filter Include="src\System\EditorWindow\Inspector">
      <UniqueIdentifier>{7795c1bd-7676-467b-b2f6-6f068a44583c}</UniqueIdentifier>
    </Filter>
    <Filter Include="src\System\EditorWindow\Prehab">
      <UniqueIdentifier>{0e8d4426-d172-48da-b0e7-7c49a63b6840}</UniqueIdentifier>
    </Filter>
    <Filter Include="src\System\EditorWindow\SetUpScene">
      <UniqueIdentifier>{d87dc318-e8dd-40a8-976b-a7b21e534162}</UniqueIdentifier>
    </Filter>
    <Filter Include="src\System\EditorWindow\Hierarchy">
      <UniqueIdentifier>{22685ca0-36dc-42ce-8731-c7f3ef00f785}</UniqueIdentifier>
    </Filter>
    <Filter Include="src\System\Engine">
      <UniqueIdentifier>{0efae2d4-e13f-4d07-869b-1d76d8f9b6af}</UniqueIdentifier>
    </Filter>
    <Filter Include="src\System\ComponentFactory">
      <UniqueIdentifier>{8b986680-b9f5-4ed1-b6c6-ad6ab53038de}</UniqueIdentifier>
    </Filter>
    <Filter Include="src\System\Component">
      <UniqueIdentifier>{f2b723b2-dd18-424b-9eaa-e835f992eeeb}</UniqueIdentifier>
    </Filter>
    <Filter Include="src\System\Component\RenderComponent">
      <UniqueIdentifier>{13403b55-6edc-4702-a557-5e8b82922350}</UniqueIdentifier>
    </Filter>
    <Filter Include="src\System\Component\RenderComponent\SquarePolygonComponent">
      <UniqueIdentifier>{134dedac-8ffc-4b3a-9166-7d702021ff3b}</UniqueIdentifier>
    </Filter>
    <Filter Include="src\System\Component\RenderComponent\TextureComponent">
      <UniqueIdentifier>{f7e9991f-fd64-43de-bffc-d59d02c74369}</UniqueIdentifier>
    </Filter>
    <Filter Include="src\System\Component\RenderComponent\ModelWorkComponent">
      <UniqueIdentifier>{3bd082ea-62ca-4888-9e12-7f132d3652d8}</UniqueIdentifier>
    </Filter>
    <Filter Include="src\System\Component\RenderComponent\ModelDataComponent">
      <UniqueIdentifier>{58c3cdaa-8a5b-4ece-84b1-87270a8f523c}</UniqueIdentifier>
    </Filter>
    <Filter Include="src\System\Component\TransformComponent">
      <UniqueIdentifier>{c3bbfe62-9034-47d9-b024-8c4d49b20028}</UniqueIdentifier>
    </Filter>
    <Filter Include="src\System\Component\RegidbodyComponent">
      <UniqueIdentifier>{37534a06-c0c5-4ff1-9deb-20da07e7eb64}</UniqueIdentifier>
    </Filter>
    <Filter Include="src\System\Component\CameraComponent">
      <UniqueIdentifier>{165d3e66-8a77-4fc1-867b-8315e5972431}</UniqueIdentifier>
    </Filter>
    <Filter Include="src\Application\Object\Component">
      <UniqueIdentifier>{84e75497-d505-4370-8f29-d3ad8bdc28d6}</UniqueIdentifier>
    </Filter>
    <Filter Include="src\Application\Object\Component\Camera">
      <UniqueIdentifier>{7e7d0f11-0414-4d92-b186-bb7a00d52c4f}</UniqueIdentifier>
    </Filter>
    <Filter Include="src\Application\Object\Component\Camera\BuildCameraComponent">
      <UniqueIdentifier>{4bb6657d-1252-44e7-b87a-9fd356f7ba63}</UniqueIdentifier>
    </Filter>
    <Filter Include="src\System\Component\ColliderComponent">
      <UniqueIdentifier>{4628ef7a-1f02-4000-b5ad-90742adc1f28}</UniqueIdentifier>
    </Filter>
    <Filter Include="src\Application\Object\Component\BoxCollisionComponent">
      <UniqueIdentifier>{1d87e2e6-f027-4e23-a7cd-dae1dee3e328}</UniqueIdentifier>
    </Filter>
    <Filter Include="src\Application\Object\Component\BulletComponent">
      <UniqueIdentifier>{95e16022-f0f8-488f-b083-cefec3966a2f}</UniqueIdentifier>
    </Filter>
    <Filter Include="src\Application\Object\Component\Counter">
      <UniqueIdentifier>{caf6374b-b66d-4805-8d7f-1ab2e9cc2391}</UniqueIdentifier>
    </Filter>
    <Filter Include="src\Application\Object\Component\Counter\ChildCntComponent">
      <UniqueIdentifier>{770c5f32-a147-4bdd-8ad0-19b9bdaf5b57}</UniqueIdentifier>
    </Filter>
    <Filter Include="src\Application\Object\Component\Counter\CounterComponent">
      <UniqueIdentifier>{9af5037e-3c4e-44ec-bcc4-ec61a7dbf819}</UniqueIdentifier>
    </Filter>
    <Filter Include="src\Application\Object\Component\Counter\ScoreCounterComponent">
      <UniqueIdentifier>{ac8bba01-f101-41c9-9a6f-800cfdb29882}</UniqueIdentifier>
    </Filter>
    <Filter Include="src\Application\Object\Component\HitResult">
      <UniqueIdentifier>{ded47ade-e26e-400b-86ef-89a34a628c2f}</UniqueIdentifier>
    </Filter>
    <Filter Include="src\Application\Object\Component\HitResult\HitResultBlockComponent">
      <UniqueIdentifier>{734fdf5a-94e2-4cde-9874-123beb810bdf}</UniqueIdentifier>
    </Filter>
    <Filter Include="src\Application\Object\Component\HitResult\HitResultDestroyComponent">
      <UniqueIdentifier>{4d1f7c66-5493-4384-8367-c27f9b7e8af9}</UniqueIdentifier>
    </Filter>
    <Filter Include="src\Application\Object\Component\HitResult\HitResultReflectComponent">
      <UniqueIdentifier>{a2a2ea47-baaa-49a6-ba8a-f2af142a5e4c}</UniqueIdentifier>
    </Filter>
    <Filter Include="src\Application\Object\Component\HitResult\HitResultSceneComponent">
      <UniqueIdentifier>{18b30076-a13c-4e45-b391-9bdcb6d35f1a}</UniqueIdentifier>
    </Filter>
    <Filter Include="src\Application\Object\Component\LauncherComponent">
      <UniqueIdentifier>{d7fd11d5-4d7d-4d0e-aa10-b29e3156e58c}</UniqueIdentifier>
    </Filter>
    <Filter Include="src\Application\Object\Component\ParticleComponent">
      <UniqueIdentifier>{49961cb8-256d-4f16-bccc-8a2ca1b49647}</UniqueIdentifier>
    </Filter>
    <Filter Include="src\Application\Object\Component\PlayerComponent">
      <UniqueIdentifier>{04681ed3-e431-4546-8d7a-b5cfe6628f5f}</UniqueIdentifier>
    </Filter>
    <Filter Include="src\Application\Object\Component\RegidbodyInterface">
      <UniqueIdentifier>{531a7fc2-52c3-480e-89b2-65919d04924b}</UniqueIdentifier>
    </Filter>
    <Filter Include="src\Application\Object\Component\RegidbodyInterface\MoveLimitComponent">
      <UniqueIdentifier>{5d882112-1b3d-4348-94a8-8ef21159fa81}</UniqueIdentifier>
    </Filter>
    <Filter Include="src\Application\Object\Component\RegidbodyInterface\MoveLocusComponent">
      <UniqueIdentifier>{d1ea92f9-bdca-4c03-95a8-54b609a8dd1e}</UniqueIdentifier>
    </Filter>
    <Filter Include="src\Application\Object\Component\RenderInterface">
      <UniqueIdentifier>{d971b174-25ea-42cd-942e-7d2aedcd26b5}</UniqueIdentifier>
    </Filter>
    <Filter Include="src\Application\Object\Component\RenderInterface\TimerDisplayComponent">
      <UniqueIdentifier>{e9161691-b1d2-4c11-bccc-c0f70d938cdc}</UniqueIdentifier>
    </Filter>
    <Filter Include="src\Application\Object\Component\SceneInterface">
      <UniqueIdentifier>{46405bcd-0c7b-408b-8032-47fb4b628aed}</UniqueIdentifier>
    </Filter>
    <Filter Include="src\Application\Object\Component\SceneInterface\EnterToSceneComponent">
      <UniqueIdentifier>{1bdbf872-e380-4cc0-b5fe-400aef7c564e}</UniqueIdentifier>
    </Filter>
    <Filter Include="src\Application\Object\Component\SceneInterface\SceneActiveComponent">
      <UniqueIdentifier>{600d7450-003f-45cc-8d93-6f3796592d61}</UniqueIdentifier>
    </Filter>
    <Filter Include="src\Application\Object\Component\SceneInterface\SceneChangerComponent">
      <UniqueIdentifier>{62f44646-3126-4603-9d0e-8f8ebd7ab5cf}</UniqueIdentifier>
    </Filter>
    <Filter Include="src\Application\Object\Component\RenderInterface\SinCurveAlphaComponent">
      <UniqueIdentifier>{969d9411-72f9-4a60-bcc9-f4e08610a924}</UniqueIdentifier>
    </Filter>
    <Filter Include="src\Application\Object\Component\TrasformInterface">
      <UniqueIdentifier>{b2507657-dae0-411a-aa8e-81f9c2a58141}</UniqueIdentifier>
    </Filter>
    <Filter Include="src\Application\Object\Component\TrasformInterface\AddRotationComponent">
      <UniqueIdentifier>{c44e86e7-64ea-474e-9f04-43368e31f94e}</UniqueIdentifier>
    </Filter>
    <Filter Include="src\Application\Object\Component\TrasformInterface\TransFormInheritComponent">
      <UniqueIdentifier>{a3836465-10a0-4e51-85aa-0b3eb1f3372d}</UniqueIdentifier>
    </Filter>
    <Filter Include="src\Application\Object\Component\TrasformInterface\TransformLimitComponent">
      <UniqueIdentifier>{29e560e0-6f64-4995-bdf7-465ce3b39474}</UniqueIdentifier>
    </Filter>
    <Filter Include="src\Application\Object\Component\RegidbodyInterface\ControllerComponent">
      <UniqueIdentifier>{c2fa56d9-0646-459d-99ed-7562daef77fe}</UniqueIdentifier>
    </Filter>
  </ItemGroup>
</Project>