<?xml version="1.0" encoding="utf-8"?>
<Project ToolsVersion="4.0" xmlns="http://schemas.microsoft.com/developer/msbuild/2003">
  <ItemGroup>
    <Filter Include="Library">
      <UniqueIdentifier>{d5173dcf-2786-4f98-bd55-d03549637dfe}</UniqueIdentifier>
    </Filter>
    <Filter Include="Src">
      <UniqueIdentifier>{80d0a5a9-6779-4863-bede-cc22a4986dc5}</UniqueIdentifier>
    </Filter>
    <Filter Include="Src\Framework">
      <UniqueIdentifier>{f5928314-3ee2-4e39-abfa-d93aa9ee5891}</UniqueIdentifier>
    </Filter>
    <Filter Include="Src\Framework\Direct3D">
      <UniqueIdentifier>{f193abd5-e51c-466e-a937-722bc9175e9a}</UniqueIdentifier>
    </Filter>
    <Filter Include="Src\Framework\Utility">
      <UniqueIdentifier>{f5d733b1-5031-4659-a9d4-0dd3add1e5fb}</UniqueIdentifier>
    </Filter>
    <Filter Include="Src\Framework\Window">
      <UniqueIdentifier>{cb022f2a-c5a2-449b-9b70-5110aff8550f}</UniqueIdentifier>
    </Filter>
    <Filter Include="Library\tinygltf">
      <UniqueIdentifier>{307bfbcd-124f-4ad7-85f5-3fd94f814b1f}</UniqueIdentifier>
    </Filter>
    <Filter Include="Src\Framework\Shader">
      <UniqueIdentifier>{93543c0c-58fe-4a94-8279-7be3021b65b1}</UniqueIdentifier>
    </Filter>
    <Filter Include="Src\Framework\Shader\SpriteShader">
      <UniqueIdentifier>{2da4d471-f4e8-4b2d-bdef-b93f91523b8b}</UniqueIdentifier>
    </Filter>
    <Filter Include="Src\Application">
      <UniqueIdentifier>{d0d0f9cf-dabd-4346-bc9a-d9c04cf42372}</UniqueIdentifier>
    </Filter>
    <Filter Include="Src\Framework\Math">
      <UniqueIdentifier>{04f33e76-24f0-4a58-9355-5770b3f6f9c6}</UniqueIdentifier>
    </Filter>
    <Filter Include="Src\Framework\Audio">
      <UniqueIdentifier>{2a0de30f-d7e8-4517-a9a1-20de6e434592}</UniqueIdentifier>
    </Filter>
    <Filter Include="Src\Framework\Shader\PostProcessShader">
      <UniqueIdentifier>{bfef98c3-f0b2-41b1-b813-6f298072287b}</UniqueIdentifier>
    </Filter>
    <Filter Include="Src\Framework\GameObject">
      <UniqueIdentifier>{d45ba257-913b-44e3-a012-888d7b6f2b68}</UniqueIdentifier>
    </Filter>
    <Filter Include="Src\Framework\Input">
      <UniqueIdentifier>{9bd33b87-53db-4bc0-b98d-80db98f4ba9b}</UniqueIdentifier>
    </Filter>
    <Filter Include="Src\Framework\Direct3D\Polygon">
      <UniqueIdentifier>{b91bce2d-4487-485a-a855-b2bb6ce0d30b}</UniqueIdentifier>
    </Filter>
    <Filter Include="Src\Framework\Shader\StandardShader">
      <UniqueIdentifier>{857913be-4481-4606-9719-87518d4a6aeb}</UniqueIdentifier>
    </Filter>
    <Filter Include="Src\Framework\Effekseer">
      <UniqueIdentifier>{c81b93e4-2f33-496a-985e-98658f1cec51}</UniqueIdentifier>
    </Filter>
    <Filter Include="Src\Application\Scene">
      <UniqueIdentifier>{b1d3b921-f223-49b5-b28e-1bc344b1563e}</UniqueIdentifier>
    </Filter>
    <Filter Include="Src\Application\Scene\Mgr">
      <UniqueIdentifier>{10ffcab9-614d-4516-be9a-bc0daa02a9fd}</UniqueIdentifier>
    </Filter>
    <Filter Include="Src\Application\Scene\Game">
      <UniqueIdentifier>{b666b4c7-7ec3-4fac-8588-b6d11cb09ac8}</UniqueIdentifier>
    </Filter>
    <Filter Include="Src\Application\Scene\Result">
      <UniqueIdentifier>{141a6555-9efb-4081-8cda-e7f997a79a54}</UniqueIdentifier>
    </Filter>
    <Filter Include="Src\Application\Scene\Title">
      <UniqueIdentifier>{3d5d6194-e8ba-4e63-a8b7-16d5b3f1b488}</UniqueIdentifier>
    </Filter>
    <Filter Include="Src\Application\AssetMgr">
      <UniqueIdentifier>{7e65a2c4-6790-4d06-907d-b662790c872f}</UniqueIdentifier>
    </Filter>
    <Filter Include="Library\tinygltf\nlohmann">
      <UniqueIdentifier>{9542c387-132f-4acb-9adf-a7c72476051e}</UniqueIdentifier>
    </Filter>
    <Filter Include="Src\Application\Utility">
      <UniqueIdentifier>{76ab77fd-bf88-4b67-9da3-12d8b935a2e6}</UniqueIdentifier>
    </Filter>
    <Filter Include="Library\imgui">
      <UniqueIdentifier>{03fd35a2-efd5-4b27-ac44-da016c14216c}</UniqueIdentifier>
    </Filter>
    <Filter Include="Src\Application\Object">
      <UniqueIdentifier>{7dd63580-55dd-470e-96b2-0563fd4b6a46}</UniqueIdentifier>
    </Filter>
    <Filter Include="Src\Application\Object\Game">
      <UniqueIdentifier>{f5f1a014-9946-4e23-bf94-6d5b0acd647e}</UniqueIdentifier>
    </Filter>
    <Filter Include="Src\Application\Object\Game\Manager">
      <UniqueIdentifier>{e22aa39f-a6d5-474f-af89-f0af3e27e8f1}</UniqueIdentifier>
    </Filter>
    <Filter Include="Src\Application\Object\Component">
      <UniqueIdentifier>{6feb6d23-1ebf-42b6-9d25-55a704847802}</UniqueIdentifier>
    </Filter>
    <Filter Include="Src\Application\Object\Component\AddRotation">
      <UniqueIdentifier>{c6f84503-13bd-4f73-91cf-0ea6a01af1e9}</UniqueIdentifier>
    </Filter>
    <Filter Include="Src\Application\Object\Component\BoxCollidion">
      <UniqueIdentifier>{a457cb12-843b-4c59-a7d2-082068244346}</UniqueIdentifier>
    </Filter>
    <Filter Include="Src\Application\Object\Component\Rigidbody">
      <UniqueIdentifier>{7ec9ec56-9144-4c04-a038-ee9ec295ce45}</UniqueIdentifier>
    </Filter>
    <Filter Include="Src\Application\Object\Component\Transform">
      <UniqueIdentifier>{68c26de7-b3c1-4843-8301-bcd3108c5407}</UniqueIdentifier>
    </Filter>
    <Filter Include="Src\Application\Object\Component\Draw">
      <UniqueIdentifier>{8fa7ea95-a32f-4bbc-900a-5fae094c4ea7}</UniqueIdentifier>
    </Filter>
    <Filter Include="Src\Application\Object\Component\Controller">
      <UniqueIdentifier>{5bdbc1ed-30e6-46c4-9270-b372dd97158e}</UniqueIdentifier>
    </Filter>
    <Filter Include="Src\Application\Object\Component\Camera">
      <UniqueIdentifier>{2cb4ebd9-75a6-4315-9fcb-9949b4408180}</UniqueIdentifier>
    </Filter>
  </ItemGroup>
  <ItemGroup>
    <ClInclude Include="src\Pch.h">
      <Filter>Src</Filter>
    </ClInclude>
    <ClInclude Include="..\Library\tinygltf\stb_image.h">
      <Filter>Library\tinygltf</Filter>
    </ClInclude>
    <ClInclude Include="..\Library\tinygltf\stb_image_write.h">
      <Filter>Library\tinygltf</Filter>
    </ClInclude>
    <ClInclude Include="..\Library\tinygltf\tiny_gltf.h">
      <Filter>Library\tinygltf</Filter>
    </ClInclude>
    <ClInclude Include="Src\Application\main.h">
      <Filter>Src\Application</Filter>
    </ClInclude>
    <ClInclude Include="src\Framework\Direct3D\KdDirect3D.h">
      <Filter>Src\Framework\Direct3D</Filter>
    </ClInclude>
    <ClInclude Include="src\Framework\Direct3D\KdTexture.h">
      <Filter>Src\Framework\Direct3D</Filter>
    </ClInclude>
    <ClInclude Include="src\Framework\Direct3D\KdBuffer.h">
      <Filter>Src\Framework\Direct3D</Filter>
    </ClInclude>
    <ClInclude Include="Src\Framework\Direct3D\KdGLTFLoader.h">
      <Filter>Src\Framework\Direct3D</Filter>
    </ClInclude>
    <ClInclude Include="Src\Framework\Shader\KdShaderManager.h">
      <Filter>Src\Framework\Shader</Filter>
    </ClInclude>
    <ClInclude Include="Src\Framework\Shader\SpriteShader\KdSpriteShader.h">
      <Filter>Src\Framework\Shader\SpriteShader</Filter>
    </ClInclude>
    <ClInclude Include="src\Framework\Utility\KdUtility.h">
      <Filter>Src\Framework\Utility</Filter>
    </ClInclude>
    <ClInclude Include="src\Framework\KdFramework.h">
      <Filter>Src\Framework</Filter>
    </ClInclude>
    <ClInclude Include="..\Library\strconv.h">
      <Filter>Library</Filter>
    </ClInclude>
    <ClInclude Include="src\Framework\Window\KdWindow.h">
      <Filter>Src\Framework\Window</Filter>
    </ClInclude>
    <ClInclude Include="src\Framework\Direct3D\KdMesh.h">
      <Filter>Src\Framework\Direct3D</Filter>
    </ClInclude>
    <ClInclude Include="Src\Framework\Direct3D\KdModel.h">
      <Filter>Src\Framework\Direct3D</Filter>
    </ClInclude>
    <ClInclude Include="Src\Framework\Math\KdCollision.h">
      <Filter>Src\Framework\Math</Filter>
    </ClInclude>
    <ClInclude Include="Src\Framework\Math\KdAnimation.h">
      <Filter>Src\Framework\Math</Filter>
    </ClInclude>
    <ClInclude Include="Src\Framework\Audio\KdAudio.h">
      <Filter>Src\Framework\Audio</Filter>
    </ClInclude>
    <ClInclude Include="Src\Framework\Direct3D\KdCamera.h">
      <Filter>Src\Framework\Direct3D</Filter>
    </ClInclude>
    <ClInclude Include="Src\Framework\Shader\PostProcessShader\KdPostProcessShader.h">
      <Filter>Src\Framework\Shader\PostProcessShader</Filter>
    </ClInclude>
    <ClInclude Include="Src\Framework\Math\KdCollider.h">
      <Filter>Src\Framework\Math</Filter>
    </ClInclude>
    <ClInclude Include="Src\Framework\Math\KdEasing.h">
      <Filter>Src\Framework\Math</Filter>
    </ClInclude>
    <ClInclude Include="Src\Framework\GameObject\KdGameObject.h">
      <Filter>Src\Framework\GameObject</Filter>
    </ClInclude>
    <ClInclude Include="Src\Framework\GameObject\KdGameObjectFactory.h">
      <Filter>Src\Framework\GameObject</Filter>
    </ClInclude>
    <ClInclude Include="Src\Framework\Input\KdInput.h">
      <Filter>Src\Framework\Input</Filter>
    </ClInclude>
    <ClInclude Include="Src\Framework\Utility\KdCSVData.h">
      <Filter>Src\Framework\Utility</Filter>
    </ClInclude>
    <ClInclude Include="Src\Framework\Direct3D\Polygon\KdPolygon.h">
      <Filter>Src\Framework\Direct3D\Polygon</Filter>
    </ClInclude>
    <ClInclude Include="Src\Framework\Direct3D\Polygon\KdSquarePolygon.h">
      <Filter>Src\Framework\Direct3D\Polygon</Filter>
    </ClInclude>
    <ClInclude Include="Src\Framework\Direct3D\Polygon\KdTrailPolygon.h">
      <Filter>Src\Framework\Direct3D\Polygon</Filter>
    </ClInclude>
    <ClInclude Include="Src\Framework\Direct3D\KdMaterial.h">
      <Filter>Src\Framework\Direct3D</Filter>
    </ClInclude>
    <ClInclude Include="Src\Framework\Utility\KdDataStorage.h">
      <Filter>Src\Framework\Utility</Filter>
    </ClInclude>
    <ClInclude Include="Src\Framework\Shader\KdAmbientController.h">
      <Filter>Src\Framework\Shader</Filter>
    </ClInclude>
    <ClInclude Include="Src\Framework\Math\KdUVAnimation.h">
      <Filter>Src\Framework\Math</Filter>
    </ClInclude>
    <ClInclude Include="Src\Framework\Shader\KdRenderTargetChange.h">
      <Filter>Src\Framework\Shader</Filter>
    </ClInclude>
    <ClInclude Include="Src\Framework\Utility\KdFPSController.h">
      <Filter>Src\Framework\Utility</Filter>
    </ClInclude>
    <ClInclude Include="Src\Framework\Utility\KdDebugWireFrame.h">
      <Filter>Src\Framework\Utility</Filter>
    </ClInclude>
    <ClInclude Include="Src\Framework\Shader\StandardShader\KdStandardShader.h">
      <Filter>Src\Framework\Shader\StandardShader</Filter>
    </ClInclude>
    <ClInclude Include="Src\Framework\Effekseer\KdEffekseerManager.h">
      <Filter>Src\Framework\Effekseer</Filter>
    </ClInclude>
    <ClInclude Include="Src\Application\SceneBase\SceneBase.h">
      <Filter>Src\Application\Scene</Filter>
    </ClInclude>
    <ClInclude Include="Src\Application\SceneBase\Manager\SceneManager.h">
      <Filter>Src\Application\Scene\Mgr</Filter>
    </ClInclude>
    <ClInclude Include="Src\Application\SceneBase\Game\GameScene.h">
      <Filter>Src\Application\Scene\Game</Filter>
    </ClInclude>
    <ClInclude Include="Src\Application\SceneBase\Result\ResultScene.h">
      <Filter>Src\Application\Scene\Result</Filter>
    </ClInclude>
    <ClInclude Include="Src\Application\SceneBase\Titile\TitleScene.h">
      <Filter>Src\Application\Scene\Title</Filter>
    </ClInclude>
    <ClInclude Include="Src\Application\AssetManager\AssetManager.h">
      <Filter>Src\Application\AssetMgr</Filter>
    </ClInclude>
    <ClInclude Include="..\Library\tinygltf\nlohmann\adl_serializer.hpp">
      <Filter>Library\tinygltf\nlohmann</Filter>
    </ClInclude>
    <ClInclude Include="..\Library\tinygltf\nlohmann\byte_container_with_subtype.hpp">
      <Filter>Library\tinygltf\nlohmann</Filter>
    </ClInclude>
    <ClInclude Include="..\Library\tinygltf\nlohmann\detail\abi_macros.hpp">
      <Filter>Library\tinygltf\nlohmann</Filter>
    </ClInclude>
    <ClInclude Include="..\Library\tinygltf\nlohmann\detail\conversions\from_json.hpp">
      <Filter>Library\tinygltf\nlohmann</Filter>
    </ClInclude>
    <ClInclude Include="..\Library\tinygltf\nlohmann\detail\conversions\to_chars.hpp">
      <Filter>Library\tinygltf\nlohmann</Filter>
    </ClInclude>
    <ClInclude Include="..\Library\tinygltf\nlohmann\detail\conversions\to_json.hpp">
      <Filter>Library\tinygltf\nlohmann</Filter>
    </ClInclude>
    <ClInclude Include="..\Library\tinygltf\nlohmann\detail\exceptions.hpp">
      <Filter>Library\tinygltf\nlohmann</Filter>
    </ClInclude>
    <ClInclude Include="..\Library\tinygltf\nlohmann\detail\hash.hpp">
      <Filter>Library\tinygltf\nlohmann</Filter>
    </ClInclude>
    <ClInclude Include="..\Library\tinygltf\nlohmann\detail\input\binary_reader.hpp">
      <Filter>Library\tinygltf\nlohmann</Filter>
    </ClInclude>
    <ClInclude Include="..\Library\tinygltf\nlohmann\detail\input\input_adapters.hpp">
      <Filter>Library\tinygltf\nlohmann</Filter>
    </ClInclude>
    <ClInclude Include="..\Library\tinygltf\nlohmann\detail\input\json_sax.hpp">
      <Filter>Library\tinygltf\nlohmann</Filter>
    </ClInclude>
    <ClInclude Include="..\Library\tinygltf\nlohmann\detail\input\lexer.hpp">
      <Filter>Library\tinygltf\nlohmann</Filter>
    </ClInclude>
    <ClInclude Include="..\Library\tinygltf\nlohmann\detail\input\parser.hpp">
      <Filter>Library\tinygltf\nlohmann</Filter>
    </ClInclude>
    <ClInclude Include="..\Library\tinygltf\nlohmann\detail\input\position_t.hpp">
      <Filter>Library\tinygltf\nlohmann</Filter>
    </ClInclude>
    <ClInclude Include="..\Library\tinygltf\nlohmann\detail\iterators\internal_iterator.hpp">
      <Filter>Library\tinygltf\nlohmann</Filter>
    </ClInclude>
    <ClInclude Include="..\Library\tinygltf\nlohmann\detail\iterators\iteration_proxy.hpp">
      <Filter>Library\tinygltf\nlohmann</Filter>
    </ClInclude>
    <ClInclude Include="..\Library\tinygltf\nlohmann\detail\iterators\iterator_traits.hpp">
      <Filter>Library\tinygltf\nlohmann</Filter>
    </ClInclude>
    <ClInclude Include="..\Library\tinygltf\nlohmann\detail\iterators\iter_impl.hpp">
      <Filter>Library\tinygltf\nlohmann</Filter>
    </ClInclude>
    <ClInclude Include="..\Library\tinygltf\nlohmann\detail\iterators\json_reverse_iterator.hpp">
      <Filter>Library\tinygltf\nlohmann</Filter>
    </ClInclude>
    <ClInclude Include="..\Library\tinygltf\nlohmann\detail\iterators\primitive_iterator.hpp">
      <Filter>Library\tinygltf\nlohmann</Filter>
    </ClInclude>
    <ClInclude Include="..\Library\tinygltf\nlohmann\detail\json_custom_base_class.hpp">
      <Filter>Library\tinygltf\nlohmann</Filter>
    </ClInclude>
    <ClInclude Include="..\Library\tinygltf\nlohmann\detail\json_pointer.hpp">
      <Filter>Library\tinygltf\nlohmann</Filter>
    </ClInclude>
    <ClInclude Include="..\Library\tinygltf\nlohmann\detail\json_ref.hpp">
      <Filter>Library\tinygltf\nlohmann</Filter>
    </ClInclude>
    <ClInclude Include="..\Library\tinygltf\nlohmann\detail\macro_scope.hpp">
      <Filter>Library\tinygltf\nlohmann</Filter>
    </ClInclude>
    <ClInclude Include="..\Library\tinygltf\nlohmann\detail\macro_unscope.hpp">
      <Filter>Library\tinygltf\nlohmann</Filter>
    </ClInclude>
    <ClInclude Include="..\Library\tinygltf\nlohmann\detail\meta\call_std\begin.hpp">
      <Filter>Library\tinygltf\nlohmann</Filter>
    </ClInclude>
    <ClInclude Include="..\Library\tinygltf\nlohmann\detail\meta\call_std\end.hpp">
      <Filter>Library\tinygltf\nlohmann</Filter>
    </ClInclude>
    <ClInclude Include="..\Library\tinygltf\nlohmann\detail\meta\cpp_future.hpp">
      <Filter>Library\tinygltf\nlohmann</Filter>
    </ClInclude>
    <ClInclude Include="..\Library\tinygltf\nlohmann\detail\meta\detected.hpp">
      <Filter>Library\tinygltf\nlohmann</Filter>
    </ClInclude>
    <ClInclude Include="..\Library\tinygltf\nlohmann\detail\meta\identity_tag.hpp">
      <Filter>Library\tinygltf\nlohmann</Filter>
    </ClInclude>
    <ClInclude Include="..\Library\tinygltf\nlohmann\detail\meta\is_sax.hpp">
      <Filter>Library\tinygltf\nlohmann</Filter>
    </ClInclude>
    <ClInclude Include="..\Library\tinygltf\nlohmann\detail\meta\std_fs.hpp">
      <Filter>Library\tinygltf\nlohmann</Filter>
    </ClInclude>
    <ClInclude Include="..\Library\tinygltf\nlohmann\detail\meta\type_traits.hpp">
      <Filter>Library\tinygltf\nlohmann</Filter>
    </ClInclude>
    <ClInclude Include="..\Library\tinygltf\nlohmann\detail\meta\void_t.hpp">
      <Filter>Library\tinygltf\nlohmann</Filter>
    </ClInclude>
    <ClInclude Include="..\Library\tinygltf\nlohmann\detail\output\binary_writer.hpp">
      <Filter>Library\tinygltf\nlohmann</Filter>
    </ClInclude>
    <ClInclude Include="..\Library\tinygltf\nlohmann\detail\output\output_adapters.hpp">
      <Filter>Library\tinygltf\nlohmann</Filter>
    </ClInclude>
    <ClInclude Include="..\Library\tinygltf\nlohmann\detail\output\serializer.hpp">
      <Filter>Library\tinygltf\nlohmann</Filter>
    </ClInclude>
    <ClInclude Include="..\Library\tinygltf\nlohmann\detail\string_concat.hpp">
      <Filter>Library\tinygltf\nlohmann</Filter>
    </ClInclude>
    <ClInclude Include="..\Library\tinygltf\nlohmann\detail\string_escape.hpp">
      <Filter>Library\tinygltf\nlohmann</Filter>
    </ClInclude>
    <ClInclude Include="..\Library\tinygltf\nlohmann\detail\value_t.hpp">
      <Filter>Library\tinygltf\nlohmann</Filter>
    </ClInclude>
    <ClInclude Include="..\Library\tinygltf\nlohmann\json.hpp">
      <Filter>Library\tinygltf\nlohmann</Filter>
    </ClInclude>
    <ClInclude Include="..\Library\tinygltf\nlohmann\json_fwd.hpp">
      <Filter>Library\tinygltf\nlohmann</Filter>
    </ClInclude>
    <ClInclude Include="..\Library\tinygltf\nlohmann\ordered_map.hpp">
      <Filter>Library\tinygltf\nlohmann</Filter>
    </ClInclude>
    <ClInclude Include="..\Library\tinygltf\nlohmann\thirdparty\hedley\hedley.hpp">
      <Filter>Library\tinygltf\nlohmann</Filter>
    </ClInclude>
    <ClInclude Include="..\Library\tinygltf\nlohmann\thirdparty\hedley\hedley_undef.hpp">
      <Filter>Library\tinygltf\nlohmann</Filter>
    </ClInclude>
    <ClInclude Include="Src\Application\Utility\Timer.h">
      <Filter>Src\Application\Utility</Filter>
    </ClInclude>
    <ClInclude Include="..\Library\imgui\imconfig.h">
      <Filter>Library\imgui</Filter>
    </ClInclude>
    <ClInclude Include="..\Library\imgui\imgui.h">
      <Filter>Library\imgui</Filter>
    </ClInclude>
    <ClInclude Include="..\Library\imgui\imgui_impl_dx11.h">
      <Filter>Library\imgui</Filter>
    </ClInclude>
    <ClInclude Include="..\Library\imgui\imgui_impl_win32.h">
      <Filter>Library\imgui</Filter>
    </ClInclude>
    <ClInclude Include="..\Library\imgui\imgui_internal.h">
      <Filter>Library\imgui</Filter>
    </ClInclude>
    <ClInclude Include="..\Library\imgui\imgui_stdlib.h">
      <Filter>Library\imgui</Filter>
    </ClInclude>
    <ClInclude Include="..\Library\imgui\imstb_rectpack.h">
      <Filter>Library\imgui</Filter>
    </ClInclude>
    <ClInclude Include="..\Library\imgui\imstb_textedit.h">
      <Filter>Library\imgui</Filter>
    </ClInclude>
    <ClInclude Include="..\Library\imgui\imstb_truetype.h">
      <Filter>Library\imgui</Filter>
    </ClInclude>
    <ClInclude Include="..\Library\imgui\ja_glyph_ranges.h">
      <Filter>Library\imgui</Filter>
    </ClInclude>
    <ClInclude Include="Src\Application\Object\Game\Manager\GameObjectManager.h">
      <Filter>Src\Application\Object\Game\Manager</Filter>
    </ClInclude>
    <ClInclude Include="Src\Application\Object\Game\GameObject.h">
      <Filter>Src\Application\Object\Game</Filter>
    </ClInclude>
    <ClInclude Include="Src\Application\Object\Component\AllComponentIncluder.h">
      <Filter>Src\Application\Object\Component</Filter>
    </ClInclude>
    <ClInclude Include="Src\Application\Object\Component\Component.h">
      <Filter>Src\Application\Object\Component</Filter>
    </ClInclude>
    <ClInclude Include="Src\Application\Object\Component\AddRotation\AddRotaion.h">
      <Filter>Src\Application\Object\Component\AddRotation</Filter>
    </ClInclude>
    <ClInclude Include="Src\Application\Object\Component\BoxCollision\BoxCollision.h">
      <Filter>Src\Application\Object\Component\BoxCollidion</Filter>
    </ClInclude>
    <ClInclude Include="Src\Application\Object\Component\Rigidbody\Rigidbody.h">
      <Filter>Src\Application\Object\Component\Rigidbody</Filter>
    </ClInclude>
    <ClInclude Include="Src\Application\Object\Component\Transform\Transform.h">
      <Filter>Src\Application\Object\Component\Transform</Filter>
    </ClInclude>
    <ClInclude Include="Src\Application\Object\Object.h">
      <Filter>Src\Application\Object</Filter>
    </ClInclude>
    <ClInclude Include="Src\Application\Object\Component\Draw\Draw.h">
      <Filter>Src\Application\Object\Component\Draw</Filter>
    </ClInclude>
    <ClInclude Include="Src\Application\Object\Component\Controller\Controller.h">
      <Filter>Src\Application\Object\Component\Controller</Filter>
    </ClInclude>
    <ClInclude Include="Src\Application\Object\Component\Camera\Camera.h">
      <Filter>Src\Application\Object\Component\Camera</Filter>
    </ClInclude>
  </ItemGroup>
  <ItemGroup>
    <ClCompile Include="src\Pch.cpp">
      <Filter>Src</Filter>
    </ClCompile>
    <ClCompile Include="Src\Application\main.cpp">
      <Filter>Src\Application</Filter>
    </ClCompile>
    <ClCompile Include="src\Framework\Direct3D\KdDirect3D.cpp">
      <Filter>Src\Framework\Direct3D</Filter>
    </ClCompile>
    <ClCompile Include="src\Framework\Direct3D\KdTexture.cpp">
      <Filter>Src\Framework\Direct3D</Filter>
    </ClCompile>
    <ClCompile Include="src\Framework\Direct3D\KdBuffer.cpp">
      <Filter>Src\Framework\Direct3D</Filter>
    </ClCompile>
    <ClCompile Include="Src\Framework\Direct3D\KdGLTFLoader.cpp">
      <Filter>Src\Framework\Direct3D</Filter>
    </ClCompile>
    <ClCompile Include="Src\Framework\Shader\KdShaderManager.cpp">
      <Filter>Src\Framework\Shader</Filter>
    </ClCompile>
    <ClCompile Include="Src\Framework\Shader\SpriteShader\KdSpriteShader.cpp">
      <Filter>Src\Framework\Shader\SpriteShader</Filter>
    </ClCompile>
    <ClCompile Include="src\Framework\Window\KdWindow.cpp">
      <Filter>Src\Framework\Window</Filter>
    </ClCompile>
    <ClCompile Include="Src\Framework\Utility\KdUtility.cpp">
      <Filter>Src\Framework\Utility</Filter>
    </ClCompile>
    <ClCompile Include="src\Framework\Direct3D\KdMesh.cpp">
      <Filter>Src\Framework\Direct3D</Filter>
    </ClCompile>
    <ClCompile Include="Src\Framework\Direct3D\KdModel.cpp">
      <Filter>Src\Framework\Direct3D</Filter>
    </ClCompile>
    <ClCompile Include="Src\Framework\Math\KdCollision.cpp">
      <Filter>Src\Framework\Math</Filter>
    </ClCompile>
    <ClCompile Include="Src\Framework\Math\KdAnimation.cpp">
      <Filter>Src\Framework\Math</Filter>
    </ClCompile>
    <ClCompile Include="Src\Framework\Audio\KdAudio.cpp">
      <Filter>Src\Framework\Audio</Filter>
    </ClCompile>
    <ClCompile Include="Src\Framework\Direct3D\KdCamera.cpp">
      <Filter>Src\Framework\Direct3D</Filter>
    </ClCompile>
    <ClCompile Include="Src\Framework\Shader\PostProcessShader\KdPostProcessShader.cpp">
      <Filter>Src\Framework\Shader\PostProcessShader</Filter>
    </ClCompile>
    <ClCompile Include="Src\Framework\Math\KdCollider.cpp">
      <Filter>Src\Framework\Math</Filter>
    </ClCompile>
    <ClCompile Include="Src\Framework\Math\KdEasing.cpp">
      <Filter>Src\Framework\Math</Filter>
    </ClCompile>
    <ClCompile Include="Src\Framework\GameObject\KdGameObject.cpp">
      <Filter>Src\Framework\GameObject</Filter>
    </ClCompile>
    <ClCompile Include="Src\Framework\GameObject\KdGameObjectFactory.cpp">
      <Filter>Src\Framework\GameObject</Filter>
    </ClCompile>
    <ClCompile Include="Src\Framework\Input\KdInput.cpp">
      <Filter>Src\Framework\Input</Filter>
    </ClCompile>
    <ClCompile Include="Src\Framework\Utility\KdCSVData.cpp">
      <Filter>Src\Framework\Utility</Filter>
    </ClCompile>
    <ClCompile Include="Src\Framework\Direct3D\Polygon\KdSquarePolygon.cpp">
      <Filter>Src\Framework\Direct3D\Polygon</Filter>
    </ClCompile>
    <ClCompile Include="Src\Framework\Direct3D\Polygon\KdTrailPolygon.cpp">
      <Filter>Src\Framework\Direct3D\Polygon</Filter>
    </ClCompile>
    <ClCompile Include="Src\Framework\Direct3D\KdMaterial.cpp">
      <Filter>Src\Framework\Direct3D</Filter>
    </ClCompile>
    <ClCompile Include="Src\Framework\Direct3D\Polygon\KdPolygon.cpp">
      <Filter>Src\Framework\Direct3D\Polygon</Filter>
    </ClCompile>
    <ClCompile Include="Src\Framework\Shader\KdAmbientController.cpp">
      <Filter>Src\Framework\Shader</Filter>
    </ClCompile>
    <ClCompile Include="Src\Framework\Math\KdUVAnimation.cpp">
      <Filter>Src\Framework\Math</Filter>
    </ClCompile>
    <ClCompile Include="Src\Framework\Shader\KdRenderTargetChange.cpp">
      <Filter>Src\Framework\Shader</Filter>
    </ClCompile>
    <ClCompile Include="Src\Framework\Utility\KdFPSController.cpp">
      <Filter>Src\Framework\Utility</Filter>
    </ClCompile>
    <ClCompile Include="Src\Framework\Utility\KdDebugWireFrame.cpp">
      <Filter>Src\Framework\Utility</Filter>
    </ClCompile>
    <ClCompile Include="Src\Framework\Shader\StandardShader\KdStandardShader.cpp">
      <Filter>Src\Framework\Shader\StandardShader</Filter>
    </ClCompile>
    <ClCompile Include="Src\Framework\Effekseer\KdEffekseerManager.cpp">
      <Filter>Src\Framework\Effekseer</Filter>
    </ClCompile>
    <ClCompile Include="Src\Application\SceneBase\SceneBase.cpp">
      <Filter>Src\Application\Scene</Filter>
    </ClCompile>
    <ClCompile Include="Src\Application\SceneBase\Manager\SceneManager.cpp">
      <Filter>Src\Application\Scene\Mgr</Filter>
    </ClCompile>
    <ClCompile Include="Src\Application\SceneBase\Game\GameScene.cpp">
      <Filter>Src\Application\Scene\Game</Filter>
    </ClCompile>
    <ClCompile Include="Src\Application\SceneBase\Result\ResultScene.cpp">
      <Filter>Src\Application\Scene\Result</Filter>
    </ClCompile>
    <ClCompile Include="Src\Application\SceneBase\Titile\TitleScene.cpp">
      <Filter>Src\Application\Scene\Title</Filter>
    </ClCompile>
    <ClCompile Include="Src\Application\AssetManager\AssetManager.cpp">
      <Filter>Src\Application\AssetMgr</Filter>
    </ClCompile>
    <ClCompile Include="..\Library\imgui\imgui.cpp">
      <Filter>Library\imgui</Filter>
    </ClCompile>
    <ClCompile Include="..\Library\imgui\imgui_demo.cpp">
      <Filter>Library\imgui</Filter>
    </ClCompile>
    <ClCompile Include="..\Library\imgui\imgui_draw.cpp">
      <Filter>Library\imgui</Filter>
    </ClCompile>
    <ClCompile Include="..\Library\imgui\imgui_impl_dx11.cpp">
      <Filter>Library\imgui</Filter>
    </ClCompile>
    <ClCompile Include="..\Library\imgui\imgui_impl_win32.cpp">
      <Filter>Library\imgui</Filter>
    </ClCompile>
    <ClCompile Include="..\Library\imgui\imgui_stdlib.cpp">
      <Filter>Library\imgui</Filter>
    </ClCompile>
    <ClCompile Include="..\Library\imgui\imgui_tables.cpp">
      <Filter>Library\imgui</Filter>
    </ClCompile>
    <ClCompile Include="..\Library\imgui\imgui_widgets.cpp">
      <Filter>Library\imgui</Filter>
    </ClCompile>
    <ClCompile Include="Src\Application\Object\Game\Manager\GameObjectManager.cpp">
      <Filter>Src\Application\Object\Game\Manager</Filter>
    </ClCompile>
    <ClCompile Include="Src\Application\Object\Game\GameObject.cpp">
      <Filter>Src\Application\Object\Game</Filter>
    </ClCompile>
    <ClCompile Include="Src\Application\Object\Component\Component.cpp">
      <Filter>Src\Application\Object\Component</Filter>
    </ClCompile>
    <ClCompile Include="Src\Application\Object\Component\AddRotation\AddRotaion.cpp">
      <Filter>Src\Application\Object\Component\AddRotation</Filter>
    </ClCompile>
    <ClCompile Include="Src\Application\Object\Component\BoxCollision\BoxCollision.cpp">
      <Filter>Src\Application\Object\Component\BoxCollidion</Filter>
    </ClCompile>
    <ClCompile Include="Src\Application\Object\Component\Rigidbody\Rigidbody.cpp">
      <Filter>Src\Application\Object\Component\Rigidbody</Filter>
    </ClCompile>
    <ClCompile Include="Src\Application\Object\Component\Transform\Transform.cpp">
      <Filter>Src\Application\Object\Component\Transform</Filter>
    </ClCompile>
    <ClCompile Include="Src\Application\Object\Object.cpp">
      <Filter>Src\Application\Object</Filter>
    </ClCompile>
    <ClCompile Include="Src\Application\Object\Component\Draw\Draw.cpp">
      <Filter>Src\Application\Object\Component\Draw</Filter>
    </ClCompile>
    <ClCompile Include="Src\Application\Object\Component\Controller\Controller.cpp">
      <Filter>Src\Application\Object\Component\Controller</Filter>
    </ClCompile>
    <ClCompile Include="Src\Application\Object\Component\Camera\Camera.cpp">
      <Filter>Src\Application\Object\Component\Camera</Filter>
    </ClCompile>
  </ItemGroup>
  <ItemGroup>
    <None Include="Src\Framework\Shader\inc_KdCommon.hlsli">
      <Filter>Src\Framework\Shader</Filter>
    </None>
    <None Include="Src\Framework\Shader\SpriteShader\inc_KdSpriteShader.hlsli">
      <Filter>Src\Framework\Shader\SpriteShader</Filter>
    </None>
    <None Include="Src\Framework\Shader\PostProcessShader\inc_KdPostProcessShader.hlsli">
      <Filter>Src\Framework\Shader\PostProcessShader</Filter>
    </None>
    <None Include="Src\Framework\Shader\StandardShader\inc_KdStandardShader.hlsli">
      <Filter>Src\Framework\Shader\StandardShader</Filter>
    </None>
  </ItemGroup>
  <ItemGroup>
    <FxCompile Include="Src\Framework\Shader\SpriteShader\KdSpriteShader_PS.hlsl">
      <Filter>Src\Framework\Shader\SpriteShader</Filter>
    </FxCompile>
    <FxCompile Include="Src\Framework\Shader\SpriteShader\KdSpriteShader_VS.hlsl">
      <Filter>Src\Framework\Shader\SpriteShader</Filter>
    </FxCompile>
    <FxCompile Include="Src\Framework\Shader\PostProcessShader\KdPostProcessShader_PS_Blur.hlsl">
      <Filter>Src\Framework\Shader\PostProcessShader</Filter>
    </FxCompile>
    <FxCompile Include="Src\Framework\Shader\PostProcessShader\KdPostProcessShader_VS.hlsl">
      <Filter>Src\Framework\Shader\PostProcessShader</Filter>
    </FxCompile>
    <FxCompile Include="Src\Framework\Shader\PostProcessShader\KdPostProcessShader_PS_DoF.hlsl">
      <Filter>Src\Framework\Shader\PostProcessShader</Filter>
    </FxCompile>
    <FxCompile Include="Src\Framework\Shader\PostProcessShader\KdPostProcessShader_PS_Bright.hlsl">
      <Filter>Src\Framework\Shader\PostProcessShader</Filter>
    </FxCompile>
    <FxCompile Include="Src\Framework\Shader\StandardShader\KdStandardShader_PS_GenDepthMapFromLight.hlsl">
      <Filter>Src\Framework\Shader\StandardShader</Filter>
    </FxCompile>
    <FxCompile Include="Src\Framework\Shader\StandardShader\KdStandardShader_PS_Lit.hlsl">
      <Filter>Src\Framework\Shader\StandardShader</Filter>
    </FxCompile>
    <FxCompile Include="Src\Framework\Shader\StandardShader\KdStandardShader_PS_UnLit.hlsl">
      <Filter>Src\Framework\Shader\StandardShader</Filter>
    </FxCompile>
    <FxCompile Include="Src\Framework\Shader\StandardShader\KdStandardShader_VS_GenDepthMapFromLight.hlsl">
      <Filter>Src\Framework\Shader\StandardShader</Filter>
    </FxCompile>
    <FxCompile Include="Src\Framework\Shader\StandardShader\KdStandardShader_VS_Lit.hlsl">
      <Filter>Src\Framework\Shader\StandardShader</Filter>
    </FxCompile>
    <FxCompile Include="Src\Framework\Shader\StandardShader\KdStandardShader_VS_UnLit.hlsl">
      <Filter>Src\Framework\Shader\StandardShader</Filter>
    </FxCompile>
  </ItemGroup>
</Project>