<?xml version="1.0" encoding="utf-8"?>
<Project ToolsVersion="4.0" xmlns="http://schemas.microsoft.com/developer/msbuild/2003">
  <ItemGroup>
    <Filter Include="Library">
      <UniqueIdentifier>{d5173dcf-2786-4f98-bd55-d03549637dfe}</UniqueIdentifier>
    </Filter>
    <Filter Include="Src">
      <UniqueIdentifier>{80d0a5a9-6779-4863-bede-cc22a4986dc5}</UniqueIdentifier>
    </Filter>
    <Filter Include="Src\Framework">
      <UniqueIdentifier>{f5928314-3ee2-4e39-abfa-d93aa9ee5891}</UniqueIdentifier>
    </Filter>
    <Filter Include="Src\Framework\Direct3D">
      <UniqueIdentifier>{f193abd5-e51c-466e-a937-722bc9175e9a}</UniqueIdentifier>
    </Filter>
    <Filter Include="Src\Framework\Utility">
      <UniqueIdentifier>{f5d733b1-5031-4659-a9d4-0dd3add1e5fb}</UniqueIdentifier>
    </Filter>
    <Filter Include="Src\Framework\Window">
      <UniqueIdentifier>{cb022f2a-c5a2-449b-9b70-5110aff8550f}</UniqueIdentifier>
    </Filter>
    <Filter Include="Library\tinygltf">
      <UniqueIdentifier>{307bfbcd-124f-4ad7-85f5-3fd94f814b1f}</UniqueIdentifier>
    </Filter>
    <Filter Include="Src\Framework\Shader">
      <UniqueIdentifier>{93543c0c-58fe-4a94-8279-7be3021b65b1}</UniqueIdentifier>
    </Filter>
    <Filter Include="Src\Framework\Shader\SpriteShader">
      <UniqueIdentifier>{2da4d471-f4e8-4b2d-bdef-b93f91523b8b}</UniqueIdentifier>
    </Filter>
    <Filter Include="Src\Application">
      <UniqueIdentifier>{d0d0f9cf-dabd-4346-bc9a-d9c04cf42372}</UniqueIdentifier>
    </Filter>
    <Filter Include="Src\Framework\Math">
      <UniqueIdentifier>{04f33e76-24f0-4a58-9355-5770b3f6f9c6}</UniqueIdentifier>
    </Filter>
    <Filter Include="Src\Framework\Audio">
      <UniqueIdentifier>{2a0de30f-d7e8-4517-a9a1-20de6e434592}</UniqueIdentifier>
    </Filter>
    <Filter Include="Src\Framework\Shader\PostProcessShader">
      <UniqueIdentifier>{bfef98c3-f0b2-41b1-b813-6f298072287b}</UniqueIdentifier>
    </Filter>
    <Filter Include="Src\Framework\GameObject">
      <UniqueIdentifier>{d45ba257-913b-44e3-a012-888d7b6f2b68}</UniqueIdentifier>
    </Filter>
    <Filter Include="Src\Framework\Input">
      <UniqueIdentifier>{9bd33b87-53db-4bc0-b98d-80db98f4ba9b}</UniqueIdentifier>
    </Filter>
    <Filter Include="Src\Framework\Direct3D\Polygon">
      <UniqueIdentifier>{b91bce2d-4487-485a-a855-b2bb6ce0d30b}</UniqueIdentifier>
    </Filter>
    <Filter Include="Src\Framework\Shader\StandardShader">
      <UniqueIdentifier>{857913be-4481-4606-9719-87518d4a6aeb}</UniqueIdentifier>
    </Filter>
    <Filter Include="Src\Framework\Effekseer">
      <UniqueIdentifier>{c81b93e4-2f33-496a-985e-98658f1cec51}</UniqueIdentifier>
    </Filter>
    <Filter Include="Library\imgui">
      <UniqueIdentifier>{4a041644-8c5d-42b5-9683-f28b8c790f4f}</UniqueIdentifier>
    </Filter>
    <Filter Include="Library\magic_enum">
      <UniqueIdentifier>{fc167977-0af2-4b10-84a8-a9fba6c3ed3c}</UniqueIdentifier>
    </Filter>
    <Filter Include="Library\nlohmann">
      <UniqueIdentifier>{c865d13d-0aee-49dc-aac5-3d8531d7e1e1}</UniqueIdentifier>
    </Filter>
    <Filter Include="Src\Application\Object">
      <UniqueIdentifier>{c7134850-06ac-4aa1-9d11-acc0f1c7389c}</UniqueIdentifier>
    </Filter>
    <Filter Include="Src\Application\Object\Game">
      <UniqueIdentifier>{571561d0-09fb-4970-8d9c-f358160db9f5}</UniqueIdentifier>
    </Filter>
    <Filter Include="Src\Application\Object\Game\Manager">
      <UniqueIdentifier>{2d477c12-985f-4fb6-b4cb-e451ac28990e}</UniqueIdentifier>
    </Filter>
    <Filter Include="Src\Application\Object\Component">
      <UniqueIdentifier>{b8248850-bfb3-45c8-b029-f74283c3700d}</UniqueIdentifier>
    </Filter>
    <Filter Include="Src\Application\Object\Component\AddRotation">
      <UniqueIdentifier>{73ef15a9-8877-4de7-a1ef-d27e0abc1b00}</UniqueIdentifier>
    </Filter>
    <Filter Include="Src\Application\Object\Component\BoxCollision">
      <UniqueIdentifier>{198409a7-9a33-4780-a935-d63e26a26b40}</UniqueIdentifier>
    </Filter>
    <Filter Include="Src\Application\Object\Component\Bullet">
      <UniqueIdentifier>{cb4f8a2f-468a-4866-b36e-0003ee8a1529}</UniqueIdentifier>
    </Filter>
    <Filter Include="Src\Application\Object\Component\Camera">
      <UniqueIdentifier>{afbb530d-6ce5-4432-aaff-99c23e49cfff}</UniqueIdentifier>
    </Filter>
    <Filter Include="Src\Application\Object\Component\ChildCnt">
      <UniqueIdentifier>{9c29fbdd-f45e-45d5-bed0-303395c9ab20}</UniqueIdentifier>
    </Filter>
    <Filter Include="Src\Application\Object\Component\Collider">
      <UniqueIdentifier>{8f231ab6-725a-44ed-bbf3-25324cd0c8f7}</UniqueIdentifier>
    </Filter>
    <Filter Include="Src\Application\Object\Component\Controller">
      <UniqueIdentifier>{afa77483-4126-47d2-aa43-b7a182cbb6b0}</UniqueIdentifier>
    </Filter>
    <Filter Include="Src\Application\Object\Component\Counter">
      <UniqueIdentifier>{3432575b-2ea8-4b5d-a4be-78b6e85af4dc}</UniqueIdentifier>
    </Filter>
    <Filter Include="Src\Application\Object\Component\EnterToScene">
      <UniqueIdentifier>{82ad6185-2089-4a93-b0e2-e230a00342ec}</UniqueIdentifier>
    </Filter>
    <Filter Include="Src\Application\Object\Component\HitResult">
      <UniqueIdentifier>{ac3683a3-3e81-424a-8fbf-b3d000257c7f}</UniqueIdentifier>
    </Filter>
    <Filter Include="Src\Application\Object\Component\Launcher">
      <UniqueIdentifier>{7e865ea9-aca9-4d62-a417-5f7b87d5ade9}</UniqueIdentifier>
    </Filter>
    <Filter Include="Src\Application\Object\Component\ModelData">
      <UniqueIdentifier>{d8160ca6-331d-44b7-98a8-be9e1496105b}</UniqueIdentifier>
    </Filter>
    <Filter Include="Src\Application\Object\Component\TransformLimit">
      <UniqueIdentifier>{f228f912-1d5a-4ad0-a1f6-c15f869d3551}</UniqueIdentifier>
    </Filter>
    <Filter Include="Src\Application\Object\Component\TransFormInherit">
      <UniqueIdentifier>{0c8cb376-7017-4f0a-8b12-cf77e1d33a1c}</UniqueIdentifier>
    </Filter>
    <Filter Include="Src\Application\Object\Component\Transform">
      <UniqueIdentifier>{78f9ade4-1d85-4f05-8fcf-672acc491f7d}</UniqueIdentifier>
    </Filter>
    <Filter Include="Src\Application\Object\Component\TimerDisplay">
      <UniqueIdentifier>{5d18ef19-4a33-4ea3-a9a8-91389fe7f8b5}</UniqueIdentifier>
    </Filter>
    <Filter Include="Src\Application\Object\Component\Texture">
      <UniqueIdentifier>{9de6d8df-3939-4f5a-997a-c4b9f78cde8b}</UniqueIdentifier>
    </Filter>
    <Filter Include="Src\Application\Object\Component\SquarePolygon">
      <UniqueIdentifier>{5124d340-1e17-4ff4-af19-b00641c40660}</UniqueIdentifier>
    </Filter>
    <Filter Include="Src\Application\Object\Component\SinCurveAlpha">
      <UniqueIdentifier>{7f721abf-c8f0-4096-bf21-327bec0e7e68}</UniqueIdentifier>
    </Filter>
    <Filter Include="Src\Application\Object\Component\ScoreCounter">
      <UniqueIdentifier>{9754cda8-f4a6-4fe5-897c-0c22d882a052}</UniqueIdentifier>
    </Filter>
    <Filter Include="Src\Application\Object\Component\SceneChanger">
      <UniqueIdentifier>{d9e5f9a9-f171-4bc6-bb93-a2015408921b}</UniqueIdentifier>
    </Filter>
    <Filter Include="Src\Application\Object\Component\MoveLimit">
      <UniqueIdentifier>{1b573a4c-7fd6-4ec8-9672-4e5c097f8371}</UniqueIdentifier>
    </Filter>
    <Filter Include="Src\Application\Object\Component\MoveLocus">
      <UniqueIdentifier>{02490345-49c7-4288-9f71-923cc00bd283}</UniqueIdentifier>
    </Filter>
    <Filter Include="Src\Application\Object\Component\Particle">
      <UniqueIdentifier>{6595b241-fe63-4032-aee9-06b1ecc40ad9}</UniqueIdentifier>
    </Filter>
    <Filter Include="Src\Application\Object\Component\Player">
      <UniqueIdentifier>{ba9e985e-1852-41a6-a6d0-4223b00cfe60}</UniqueIdentifier>
    </Filter>
    <Filter Include="Src\Application\Object\Component\SceneActive">
      <UniqueIdentifier>{c9552357-5373-4c05-b90c-9eea7cd26362}</UniqueIdentifier>
    </Filter>
    <Filter Include="Src\Application\Object\Component\Rigidbody">
      <UniqueIdentifier>{78d54227-722b-4958-ac0c-f7f8526193e7}</UniqueIdentifier>
    </Filter>
    <Filter Include="Src\Application\Object\EditorWindow">
      <UniqueIdentifier>{988ecbb8-f0e3-4558-8c2c-f38149056640}</UniqueIdentifier>
    </Filter>
    <Filter Include="Src\Application\Object\EditorWindow\Base">
      <UniqueIdentifier>{dbc35758-eb9c-4109-9bd3-3eb65b9d49c7}</UniqueIdentifier>
    </Filter>
    <Filter Include="Src\Application\Object\EditorWindow\GameScreen">
      <UniqueIdentifier>{86f02de4-109b-4e6c-ac0c-a296c086d997}</UniqueIdentifier>
    </Filter>
    <Filter Include="Src\Application\Object\EditorWindow\Hierarchy">
      <UniqueIdentifier>{8f61a5ed-3589-4d6a-8f8a-649125445fcc}</UniqueIdentifier>
    </Filter>
    <Filter Include="Src\Application\Object\EditorWindow\Inspector">
      <UniqueIdentifier>{21e1b7ea-469b-406d-a98a-730890b0c288}</UniqueIdentifier>
    </Filter>
    <Filter Include="Src\Application\Object\EditorWindow\Prefab">
      <UniqueIdentifier>{b860bb78-3950-4b9a-901b-fbfe82caf54e}</UniqueIdentifier>
    </Filter>
    <Filter Include="Src\Application\Utility">
      <UniqueIdentifier>{b2eeb9a1-c75e-4d79-b413-b4484fb53584}</UniqueIdentifier>
    </Filter>
    <Filter Include="Src\Application\Utility\Animation2D">
      <UniqueIdentifier>{4ff753e1-6e6b-4849-bf80-46f5da1c95a9}</UniqueIdentifier>
    </Filter>
    <Filter Include="Src\Application\Utility\CreateObject">
      <UniqueIdentifier>{c6e0a26f-a16f-4213-9033-3831b4a186e4}</UniqueIdentifier>
    </Filter>
    <Filter Include="Src\Application\Score">
      <UniqueIdentifier>{f63cdaa2-98d6-466b-b8ab-d9df11a6e090}</UniqueIdentifier>
    </Filter>
    <Filter Include="Src\Application\RenderManger">
      <UniqueIdentifier>{86b82746-2ef5-47f5-a8ac-44aed9ef7939}</UniqueIdentifier>
    </Filter>
    <Filter Include="Src\Application\JsonHelper">
      <UniqueIdentifier>{ffb3409b-3f1a-47f4-a41e-76de05b0bbbb}</UniqueIdentifier>
    </Filter>
    <Filter Include="Src\Application\ImGuiHelper">
      <UniqueIdentifier>{f6f7cd40-7077-4887-b16a-885fb383d6e2}</UniqueIdentifier>
    </Filter>
    <Filter Include="Src\Application\AssetManager">
      <UniqueIdentifier>{38e06f33-f118-43ae-bc20-1d4156582f26}</UniqueIdentifier>
    </Filter>
    <Filter Include="Src\Application\Object\Component\HitResult\HitResultBlock">
      <UniqueIdentifier>{d81e5514-82f4-4129-9dea-a293ba9e9a3d}</UniqueIdentifier>
    </Filter>
    <Filter Include="Src\Application\Object\Component\HitResult\HitResultDestroy">
      <UniqueIdentifier>{337d8985-b30d-47a7-8ec5-a5dd5c5488ba}</UniqueIdentifier>
    </Filter>
    <Filter Include="Src\Application\Object\Component\HitResult\HitResultReflect">
      <UniqueIdentifier>{520ffac4-816a-45e9-bcb8-81ff1a07fab8}</UniqueIdentifier>
    </Filter>
    <Filter Include="Src\Application\Object\Component\HitResult\HitResultScene">
      <UniqueIdentifier>{e7475cdc-580a-416c-abe7-c781d12d7404}</UniqueIdentifier>
    </Filter>
    <Filter Include="Src\Application\Object\EditorWindow\DebugLog">
      <UniqueIdentifier>{b648c5c2-4890-4183-9cb1-2ae867b3ddc1}</UniqueIdentifier>
    </Filter>
    <Filter Include="Src\Application\GameObject">
      <UniqueIdentifier>{c8eeed44-235a-4eda-9689-532350b60789}</UniqueIdentifier>
    </Filter>
    <Filter Include="Src\Application\GameObject\Camera">
      <UniqueIdentifier>{781882e7-a4ba-44ae-b14e-75844a3802df}</UniqueIdentifier>
    </Filter>
    <Filter Include="Src\Application\GameObject\Camera\FPSCamera">
      <UniqueIdentifier>{cab66d5f-b9d3-40bd-ae9d-57120eb6c79c}</UniqueIdentifier>
    </Filter>
    <Filter Include="Src\Application\GameObject\Camera\TPSCamera">
      <UniqueIdentifier>{c8cf7720-4d00-4c0b-a1cf-bc64280b295f}</UniqueIdentifier>
    </Filter>
    <Filter Include="Src\System">
      <UniqueIdentifier>{6dc1db2d-f29e-44f8-9f8e-6505651a6ec6}</UniqueIdentifier>
    </Filter>
    <Filter Include="Src\System\SceneMnager">
      <UniqueIdentifier>{26ca9804-4533-468d-89b0-d2297543b8c4}</UniqueIdentifier>
    </Filter>
    <Filter Include="Src\Application\Object\EditorWindow\SetUpScene">
      <UniqueIdentifier>{36f70100-2784-4d57-95c5-7839548c4039}</UniqueIdentifier>
    </Filter>
  </ItemGroup>
  <ItemGroup>
    <ClInclude Include="src\Pch.h">
      <Filter>Src</Filter>
    </ClInclude>
    <ClInclude Include="..\Library\tinygltf\stb_image.h">
      <Filter>Library\tinygltf</Filter>
    </ClInclude>
    <ClInclude Include="..\Library\tinygltf\stb_image_write.h">
      <Filter>Library\tinygltf</Filter>
    </ClInclude>
    <ClInclude Include="..\Library\tinygltf\tiny_gltf.h">
      <Filter>Library\tinygltf</Filter>
    </ClInclude>
    <ClInclude Include="Src\Application\main.h">
      <Filter>Src\Application</Filter>
    </ClInclude>
    <ClInclude Include="src\Framework\Direct3D\KdDirect3D.h">
      <Filter>Src\Framework\Direct3D</Filter>
    </ClInclude>
    <ClInclude Include="src\Framework\Direct3D\KdTexture.h">
      <Filter>Src\Framework\Direct3D</Filter>
    </ClInclude>
    <ClInclude Include="src\Framework\Direct3D\KdBuffer.h">
      <Filter>Src\Framework\Direct3D</Filter>
    </ClInclude>
    <ClInclude Include="Src\Framework\Direct3D\KdGLTFLoader.h">
      <Filter>Src\Framework\Direct3D</Filter>
    </ClInclude>
    <ClInclude Include="Src\Framework\Shader\KdShaderManager.h">
      <Filter>Src\Framework\Shader</Filter>
    </ClInclude>
    <ClInclude Include="Src\Framework\Shader\SpriteShader\KdSpriteShader.h">
      <Filter>Src\Framework\Shader\SpriteShader</Filter>
    </ClInclude>
    <ClInclude Include="src\Framework\Utility\KdUtility.h">
      <Filter>Src\Framework\Utility</Filter>
    </ClInclude>
    <ClInclude Include="src\Framework\KdFramework.h">
      <Filter>Src\Framework</Filter>
    </ClInclude>
    <ClInclude Include="..\Library\strconv.h">
      <Filter>Library</Filter>
    </ClInclude>
    <ClInclude Include="src\Framework\Window\KdWindow.h">
      <Filter>Src\Framework\Window</Filter>
    </ClInclude>
    <ClInclude Include="src\Framework\Direct3D\KdMesh.h">
      <Filter>Src\Framework\Direct3D</Filter>
    </ClInclude>
    <ClInclude Include="Src\Framework\Direct3D\KdModel.h">
      <Filter>Src\Framework\Direct3D</Filter>
    </ClInclude>
    <ClInclude Include="Src\Framework\Math\KdCollision.h">
      <Filter>Src\Framework\Math</Filter>
    </ClInclude>
    <ClInclude Include="Src\Framework\Math\KdAnimation.h">
      <Filter>Src\Framework\Math</Filter>
    </ClInclude>
    <ClInclude Include="Src\Framework\Audio\KdAudio.h">
      <Filter>Src\Framework\Audio</Filter>
    </ClInclude>
    <ClInclude Include="Src\Framework\Direct3D\KdCamera.h">
      <Filter>Src\Framework\Direct3D</Filter>
    </ClInclude>
    <ClInclude Include="Src\Framework\Shader\PostProcessShader\KdPostProcessShader.h">
      <Filter>Src\Framework\Shader\PostProcessShader</Filter>
    </ClInclude>
    <ClInclude Include="Src\Framework\Math\KdCollider.h">
      <Filter>Src\Framework\Math</Filter>
    </ClInclude>
    <ClInclude Include="Src\Framework\Math\KdEasing.h">
      <Filter>Src\Framework\Math</Filter>
    </ClInclude>
    <ClInclude Include="Src\Framework\GameObject\KdGameObject.h">
      <Filter>Src\Framework\GameObject</Filter>
    </ClInclude>
    <ClInclude Include="Src\Framework\GameObject\KdGameObjectFactory.h">
      <Filter>Src\Framework\GameObject</Filter>
    </ClInclude>
    <ClInclude Include="Src\Framework\Input\KdInput.h">
      <Filter>Src\Framework\Input</Filter>
    </ClInclude>
    <ClInclude Include="Src\Framework\Utility\KdCSVData.h">
      <Filter>Src\Framework\Utility</Filter>
    </ClInclude>
    <ClInclude Include="Src\Framework\Direct3D\Polygon\KdPolygon.h">
      <Filter>Src\Framework\Direct3D\Polygon</Filter>
    </ClInclude>
    <ClInclude Include="Src\Framework\Direct3D\Polygon\KdSquarePolygon.h">
      <Filter>Src\Framework\Direct3D\Polygon</Filter>
    </ClInclude>
    <ClInclude Include="Src\Framework\Direct3D\Polygon\KdTrailPolygon.h">
      <Filter>Src\Framework\Direct3D\Polygon</Filter>
    </ClInclude>
    <ClInclude Include="Src\Framework\Direct3D\KdMaterial.h">
      <Filter>Src\Framework\Direct3D</Filter>
    </ClInclude>
    <ClInclude Include="Src\Framework\Utility\KdDataStorage.h">
      <Filter>Src\Framework\Utility</Filter>
    </ClInclude>
    <ClInclude Include="Src\Framework\Shader\KdAmbientController.h">
      <Filter>Src\Framework\Shader</Filter>
    </ClInclude>
    <ClInclude Include="Src\Framework\Math\KdUVAnimation.h">
      <Filter>Src\Framework\Math</Filter>
    </ClInclude>
    <ClInclude Include="Src\Framework\Shader\KdRenderTargetChange.h">
      <Filter>Src\Framework\Shader</Filter>
    </ClInclude>
    <ClInclude Include="Src\Framework\Utility\KdFPSController.h">
      <Filter>Src\Framework\Utility</Filter>
    </ClInclude>
    <ClInclude Include="Src\Framework\Utility\KdDebugWireFrame.h">
      <Filter>Src\Framework\Utility</Filter>
    </ClInclude>
    <ClInclude Include="Src\Framework\Shader\StandardShader\KdStandardShader.h">
      <Filter>Src\Framework\Shader\StandardShader</Filter>
    </ClInclude>
    <ClInclude Include="Src\Framework\Effekseer\KdEffekseerManager.h">
      <Filter>Src\Framework\Effekseer</Filter>
    </ClInclude>
    <ClInclude Include="..\Library\imgui\imconfig.h">
      <Filter>Library\imgui</Filter>
    </ClInclude>
    <ClInclude Include="..\Library\imgui\imgui.h">
      <Filter>Library\imgui</Filter>
    </ClInclude>
    <ClInclude Include="..\Library\imgui\imgui_impl_dx11.h">
      <Filter>Library\imgui</Filter>
    </ClInclude>
    <ClInclude Include="..\Library\imgui\imgui_impl_win32.h">
      <Filter>Library\imgui</Filter>
    </ClInclude>
    <ClInclude Include="..\Library\imgui\imgui_internal.h">
      <Filter>Library\imgui</Filter>
    </ClInclude>
    <ClInclude Include="..\Library\imgui\imstb_rectpack.h">
      <Filter>Library\imgui</Filter>
    </ClInclude>
    <ClInclude Include="..\Library\imgui\imstb_textedit.h">
      <Filter>Library\imgui</Filter>
    </ClInclude>
    <ClInclude Include="..\Library\imgui\imstb_truetype.h">
      <Filter>Library\imgui</Filter>
    </ClInclude>
    <ClInclude Include="..\Library\imgui\imgui_stdlib.h">
      <Filter>Library\imgui</Filter>
    </ClInclude>
    <ClInclude Include="..\Library\imgui\ja_glyph_ranges.h">
      <Filter>Library\imgui</Filter>
    </ClInclude>
    <ClInclude Include="Src\Application\GameObject\Camera\CameraBase.h">
      <Filter>Src\Application\GameObject\Camera</Filter>
    </ClInclude>
    <ClInclude Include="Src\Application\GameObject\Camera\TPSCamera\TPSCamera.h">
      <Filter>Src\Application\GameObject\Camera\TPSCamera</Filter>
    </ClInclude>
    <ClInclude Include="Src\Application\GameObject\Camera\FPSCamera\FPSCamera.h">
      <Filter>Src\Application\GameObject\Camera\FPSCamera</Filter>
    </ClInclude>
    <ClInclude Include="..\Library\magic_enum\magic_enum.hpp">
      <Filter>Library\magic_enum</Filter>
    </ClInclude>
    <ClInclude Include="..\Library\magic_enum\magic_enum_all.hpp">
      <Filter>Library\magic_enum</Filter>
    </ClInclude>
    <ClInclude Include="..\Library\magic_enum\magic_enum_containers.hpp">
      <Filter>Library\magic_enum</Filter>
    </ClInclude>
    <ClInclude Include="..\Library\magic_enum\magic_enum_flags.hpp">
      <Filter>Library\magic_enum</Filter>
    </ClInclude>
    <ClInclude Include="..\Library\magic_enum\magic_enum_format.hpp">
      <Filter>Library\magic_enum</Filter>
    </ClInclude>
    <ClInclude Include="..\Library\magic_enum\magic_enum_fuse.hpp">
      <Filter>Library\magic_enum</Filter>
    </ClInclude>
    <ClInclude Include="..\Library\magic_enum\magic_enum_iostream.hpp">
      <Filter>Library\magic_enum</Filter>
    </ClInclude>
    <ClInclude Include="..\Library\magic_enum\magic_enum_switch.hpp">
      <Filter>Library\magic_enum</Filter>
    </ClInclude>
    <ClInclude Include="..\Library\magic_enum\magic_enum_utility.hpp">
      <Filter>Library\magic_enum</Filter>
    </ClInclude>
    <ClInclude Include="..\Library\nlohmann\adl_serializer.hpp">
      <Filter>Library\nlohmann</Filter>
    </ClInclude>
    <ClInclude Include="..\Library\nlohmann\byte_container_with_subtype.hpp">
      <Filter>Library\nlohmann</Filter>
    </ClInclude>
    <ClInclude Include="..\Library\nlohmann\detail\abi_macros.hpp">
      <Filter>Library\nlohmann</Filter>
    </ClInclude>
    <ClInclude Include="..\Library\nlohmann\detail\conversions\from_json.hpp">
      <Filter>Library\nlohmann</Filter>
    </ClInclude>
    <ClInclude Include="..\Library\nlohmann\detail\conversions\to_chars.hpp">
      <Filter>Library\nlohmann</Filter>
    </ClInclude>
    <ClInclude Include="..\Library\nlohmann\detail\conversions\to_json.hpp">
      <Filter>Library\nlohmann</Filter>
    </ClInclude>
    <ClInclude Include="..\Library\nlohmann\detail\exceptions.hpp">
      <Filter>Library\nlohmann</Filter>
    </ClInclude>
    <ClInclude Include="..\Library\nlohmann\detail\hash.hpp">
      <Filter>Library\nlohmann</Filter>
    </ClInclude>
    <ClInclude Include="..\Library\nlohmann\detail\input\binary_reader.hpp">
      <Filter>Library\nlohmann</Filter>
    </ClInclude>
    <ClInclude Include="..\Library\nlohmann\detail\input\input_adapters.hpp">
      <Filter>Library\nlohmann</Filter>
    </ClInclude>
    <ClInclude Include="..\Library\nlohmann\detail\input\json_sax.hpp">
      <Filter>Library\nlohmann</Filter>
    </ClInclude>
    <ClInclude Include="..\Library\nlohmann\detail\input\lexer.hpp">
      <Filter>Library\nlohmann</Filter>
    </ClInclude>
    <ClInclude Include="..\Library\nlohmann\detail\input\parser.hpp">
      <Filter>Library\nlohmann</Filter>
    </ClInclude>
    <ClInclude Include="..\Library\nlohmann\detail\input\position_t.hpp">
      <Filter>Library\nlohmann</Filter>
    </ClInclude>
    <ClInclude Include="..\Library\nlohmann\detail\iterators\internal_iterator.hpp">
      <Filter>Library\nlohmann</Filter>
    </ClInclude>
    <ClInclude Include="..\Library\nlohmann\detail\iterators\iteration_proxy.hpp">
      <Filter>Library\nlohmann</Filter>
    </ClInclude>
    <ClInclude Include="..\Library\nlohmann\detail\iterators\iterator_traits.hpp">
      <Filter>Library\nlohmann</Filter>
    </ClInclude>
    <ClInclude Include="..\Library\nlohmann\detail\iterators\iter_impl.hpp">
      <Filter>Library\nlohmann</Filter>
    </ClInclude>
    <ClInclude Include="..\Library\nlohmann\detail\iterators\json_reverse_iterator.hpp">
      <Filter>Library\nlohmann</Filter>
    </ClInclude>
    <ClInclude Include="..\Library\nlohmann\detail\iterators\primitive_iterator.hpp">
      <Filter>Library\nlohmann</Filter>
    </ClInclude>
    <ClInclude Include="..\Library\nlohmann\detail\json_custom_base_class.hpp">
      <Filter>Library\nlohmann</Filter>
    </ClInclude>
    <ClInclude Include="..\Library\nlohmann\detail\json_pointer.hpp">
      <Filter>Library\nlohmann</Filter>
    </ClInclude>
    <ClInclude Include="..\Library\nlohmann\detail\json_ref.hpp">
      <Filter>Library\nlohmann</Filter>
    </ClInclude>
    <ClInclude Include="..\Library\nlohmann\detail\macro_scope.hpp">
      <Filter>Library\nlohmann</Filter>
    </ClInclude>
    <ClInclude Include="..\Library\nlohmann\detail\macro_unscope.hpp">
      <Filter>Library\nlohmann</Filter>
    </ClInclude>
    <ClInclude Include="..\Library\nlohmann\detail\meta\call_std\begin.hpp">
      <Filter>Library\nlohmann</Filter>
    </ClInclude>
    <ClInclude Include="..\Library\nlohmann\detail\meta\call_std\end.hpp">
      <Filter>Library\nlohmann</Filter>
    </ClInclude>
    <ClInclude Include="..\Library\nlohmann\detail\meta\cpp_future.hpp">
      <Filter>Library\nlohmann</Filter>
    </ClInclude>
    <ClInclude Include="..\Library\nlohmann\detail\meta\detected.hpp">
      <Filter>Library\nlohmann</Filter>
    </ClInclude>
    <ClInclude Include="..\Library\nlohmann\detail\meta\identity_tag.hpp">
      <Filter>Library\nlohmann</Filter>
    </ClInclude>
    <ClInclude Include="..\Library\nlohmann\detail\meta\is_sax.hpp">
      <Filter>Library\nlohmann</Filter>
    </ClInclude>
    <ClInclude Include="..\Library\nlohmann\detail\meta\std_fs.hpp">
      <Filter>Library\nlohmann</Filter>
    </ClInclude>
    <ClInclude Include="..\Library\nlohmann\detail\meta\type_traits.hpp">
      <Filter>Library\nlohmann</Filter>
    </ClInclude>
    <ClInclude Include="..\Library\nlohmann\detail\meta\void_t.hpp">
      <Filter>Library\nlohmann</Filter>
    </ClInclude>
    <ClInclude Include="..\Library\nlohmann\detail\output\binary_writer.hpp">
      <Filter>Library\nlohmann</Filter>
    </ClInclude>
    <ClInclude Include="..\Library\nlohmann\detail\output\output_adapters.hpp">
      <Filter>Library\nlohmann</Filter>
    </ClInclude>
    <ClInclude Include="..\Library\nlohmann\detail\output\serializer.hpp">
      <Filter>Library\nlohmann</Filter>
    </ClInclude>
    <ClInclude Include="..\Library\nlohmann\detail\string_concat.hpp">
      <Filter>Library\nlohmann</Filter>
    </ClInclude>
    <ClInclude Include="..\Library\nlohmann\detail\string_escape.hpp">
      <Filter>Library\nlohmann</Filter>
    </ClInclude>
    <ClInclude Include="..\Library\nlohmann\detail\value_t.hpp">
      <Filter>Library\nlohmann</Filter>
    </ClInclude>
    <ClInclude Include="..\Library\nlohmann\json.hpp">
      <Filter>Library\nlohmann</Filter>
    </ClInclude>
    <ClInclude Include="..\Library\nlohmann\json_fwd.hpp">
      <Filter>Library\nlohmann</Filter>
    </ClInclude>
    <ClInclude Include="..\Library\nlohmann\ordered_map.hpp">
      <Filter>Library\nlohmann</Filter>
    </ClInclude>
    <ClInclude Include="..\Library\nlohmann\thirdparty\hedley\hedley.hpp">
      <Filter>Library\nlohmann</Filter>
    </ClInclude>
    <ClInclude Include="..\Library\nlohmann\thirdparty\hedley\hedley_undef.hpp">
      <Filter>Library\nlohmann</Filter>
    </ClInclude>
    <ClInclude Include="Src\Application\Object\Object.h">
      <Filter>Src\Application\Object</Filter>
    </ClInclude>
    <ClInclude Include="Src\Application\Object\Game\GameObject.h">
      <Filter>Src\Application\Object\Game</Filter>
    </ClInclude>
    <ClInclude Include="Src\Application\Object\Game\Manager\GameObjectManager.h">
      <Filter>Src\Application\Object\Game\Manager</Filter>
    </ClInclude>
    <ClInclude Include="Src\Application\Object\Component\AllComponentIncluder.h">
      <Filter>Src\Application\Object\Component</Filter>
    </ClInclude>
    <ClInclude Include="Src\Application\Object\Component\BoxCollision\BoxCollision.h">
      <Filter>Src\Application\Object\Component\BoxCollision</Filter>
    </ClInclude>
    <ClInclude Include="Src\Application\Object\Component\Bullet\Bullet.h">
      <Filter>Src\Application\Object\Component\Bullet</Filter>
    </ClInclude>
    <ClInclude Include="Src\Application\Object\Component\Camera\Camera.h">
      <Filter>Src\Application\Object\Component\Camera</Filter>
    </ClInclude>
    <ClInclude Include="Src\Application\Object\Component\ChildCnt\ChildCnt.h">
      <Filter>Src\Application\Object\Component\ChildCnt</Filter>
    </ClInclude>
    <ClInclude Include="Src\Application\Object\Component\Collider\Collider.h">
      <Filter>Src\Application\Object\Component\Collider</Filter>
    </ClInclude>
    <ClInclude Include="Src\Application\Object\Component\Controller\Controller.h">
      <Filter>Src\Application\Object\Component\Controller</Filter>
    </ClInclude>
    <ClInclude Include="Src\Application\Object\Component\Counter\Counter.h">
      <Filter>Src\Application\Object\Component\Counter</Filter>
    </ClInclude>
    <ClInclude Include="Src\Application\Object\Component\EnterToScene\EnterToScene.h">
      <Filter>Src\Application\Object\Component\EnterToScene</Filter>
    </ClInclude>
    <ClInclude Include="Src\Application\Object\Component\HitResult\HitResult.h">
      <Filter>Src\Application\Object\Component\HitResult</Filter>
    </ClInclude>
    <ClInclude Include="Src\Application\Object\Component\HitResult\HitResultBlock\HitResultBlock.h">
      <Filter>Src\Application\Object\Component\HitResult\HitResultBlock</Filter>
    </ClInclude>
    <ClInclude Include="Src\Application\Object\Component\HitResult\HitResultDestroy\HitResultDestroy.h">
      <Filter>Src\Application\Object\Component\HitResult\HitResultDestroy</Filter>
    </ClInclude>
    <ClInclude Include="Src\Application\Object\Component\HitResult\HitResultReflect\HitResultReflect.h">
      <Filter>Src\Application\Object\Component\HitResult\HitResultReflect</Filter>
    </ClInclude>
    <ClInclude Include="Src\Application\Object\Component\HitResult\HitResultScene\HitResultScene.h">
      <Filter>Src\Application\Object\Component\HitResult\HitResultScene</Filter>
    </ClInclude>
    <ClInclude Include="Src\Application\Object\Component\Launcher\Launcher.h">
      <Filter>Src\Application\Object\Component\Launcher</Filter>
    </ClInclude>
    <ClInclude Include="Src\Application\Object\Component\ModelData\ModelData.h">
      <Filter>Src\Application\Object\Component\ModelData</Filter>
    </ClInclude>
    <ClInclude Include="Src\Application\Object\Component\TransformLimit\TransformLimit.h">
      <Filter>Src\Application\Object\Component\TransformLimit</Filter>
    </ClInclude>
    <ClInclude Include="Src\Application\Object\Component\TransFormInherit\TransFormInherit.h">
      <Filter>Src\Application\Object\Component\TransFormInherit</Filter>
    </ClInclude>
    <ClInclude Include="Src\Application\Object\Component\Transform\Transform.h">
      <Filter>Src\Application\Object\Component\Transform</Filter>
    </ClInclude>
    <ClInclude Include="Src\Application\Object\Component\Component.h">
      <Filter>Src\Application\Object\Component</Filter>
    </ClInclude>
    <ClInclude Include="Src\Application\Object\Component\TimerDisplay\TimerDisplay.h">
      <Filter>Src\Application\Object\Component\TimerDisplay</Filter>
    </ClInclude>
    <ClInclude Include="Src\Application\Object\Component\Texture\Texture.h">
      <Filter>Src\Application\Object\Component\Texture</Filter>
    </ClInclude>
    <ClInclude Include="Src\Application\Object\Component\SquarePolygon\SquarePolygon.h">
      <Filter>Src\Application\Object\Component\SquarePolygon</Filter>
    </ClInclude>
    <ClInclude Include="Src\Application\Object\Component\SinCurveAlpha\SinCurveAlpha.h">
      <Filter>Src\Application\Object\Component\SinCurveAlpha</Filter>
    </ClInclude>
    <ClInclude Include="Src\Application\Object\Component\ScoreCounter\ScoreCounter.h">
      <Filter>Src\Application\Object\Component\ScoreCounter</Filter>
    </ClInclude>
    <ClInclude Include="Src\Application\Object\Component\SceneChanger\SceneChanger.h">
      <Filter>Src\Application\Object\Component\SceneChanger</Filter>
    </ClInclude>
    <ClInclude Include="Src\Application\Object\Component\MoveLimit\MoveLimit.h">
      <Filter>Src\Application\Object\Component\MoveLimit</Filter>
    </ClInclude>
    <ClInclude Include="Src\Application\Object\Component\MoveLocus\MoveLocus.h">
      <Filter>Src\Application\Object\Component\MoveLocus</Filter>
    </ClInclude>
    <ClInclude Include="Src\Application\Object\Component\Particle\Particle.h">
      <Filter>Src\Application\Object\Component\Particle</Filter>
    </ClInclude>
    <ClInclude Include="Src\Application\Object\Component\Player\Player.h">
      <Filter>Src\Application\Object\Component\Player</Filter>
    </ClInclude>
    <ClInclude Include="Src\Application\Object\Component\SceneActive\SceneActive.h">
      <Filter>Src\Application\Object\Component\SceneActive</Filter>
    </ClInclude>
    <ClInclude Include="Src\Application\Object\Component\Rigidbody\Rigidbody.h">
      <Filter>Src\Application\Object\Component\Rigidbody</Filter>
    </ClInclude>
    <ClInclude Include="Src\Application\Object\EditorWindow\Base\EditorWindowBase.h">
      <Filter>Src\Application\Object\EditorWindow\Base</Filter>
    </ClInclude>
    <ClInclude Include="Src\Application\Object\EditorWindow\GameScreen\GameScreen.h">
      <Filter>Src\Application\Object\EditorWindow\GameScreen</Filter>
    </ClInclude>
    <ClInclude Include="Src\Application\Object\EditorWindow\Hierarchy\Hierarchy.h">
      <Filter>Src\Application\Object\EditorWindow\Hierarchy</Filter>
    </ClInclude>
    <ClInclude Include="Src\Application\Object\EditorWindow\Inspector\Inspector.h">
      <Filter>Src\Application\Object\EditorWindow\Inspector</Filter>
    </ClInclude>
    <ClInclude Include="Src\Application\Object\EditorWindow\Prefab\Prefab.h">
      <Filter>Src\Application\Object\EditorWindow\Prefab</Filter>
    </ClInclude>
    <ClInclude Include="Src\Application\Utility\Timer.h">
      <Filter>Src\Application\Utility</Filter>
    </ClInclude>
    <ClInclude Include="Src\Application\Utility\Animation2D\Animation2D.h">
      <Filter>Src\Application\Utility\Animation2D</Filter>
    </ClInclude>
    <ClInclude Include="Src\Application\Utility\CreateObject\CreateObject.h">
      <Filter>Src\Application\Utility\CreateObject</Filter>
    </ClInclude>
    <ClInclude Include="Src\Application\Score\Score.h">
      <Filter>Src\Application\Score</Filter>
    </ClInclude>
    <ClInclude Include="Src\Application\RenderManger\RenderManger.h">
      <Filter>Src\Application\RenderManger</Filter>
    </ClInclude>
    <ClInclude Include="Src\Application\JsonHelper\JsonHelper.h">
      <Filter>Src\Application\JsonHelper</Filter>
    </ClInclude>
    <ClInclude Include="Src\Application\ImGuiHelper\ImGuiEditor.h">
      <Filter>Src\Application\ImGuiHelper</Filter>
    </ClInclude>
    <ClInclude Include="Src\Application\ImGuiHelper\ImGuiHelper.h">
      <Filter>Src\Application\ImGuiHelper</Filter>
    </ClInclude>
    <ClInclude Include="Src\Application\AssetManager\AssetManager.h">
      <Filter>Src\Application\AssetManager</Filter>
    </ClInclude>
    <ClInclude Include="Src\Application\Object\Component\AddRotation\AddRotaion.h">
      <Filter>Src\Application\Object\Component\AddRotation</Filter>
    </ClInclude>
    <ClInclude Include="Src\Application\Object\EditorWindow\DebugLog\DebugLog.h">
      <Filter>Src\Application\Object\EditorWindow\DebugLog</Filter>
    </ClInclude>
    <ClInclude Include="Src\System\SceneMnager\SceneManager.h">
      <Filter>Src\System\SceneMnager</Filter>
    </ClInclude>
    <ClInclude Include="Src\Application\Object\EditorWindow\SetUpScene\SetUpScene.h">
      <Filter>Src\Application\Object\EditorWindow\SetUpScene</Filter>
    </ClInclude>
  </ItemGroup>
  <ItemGroup>
    <ClCompile Include="src\Pch.cpp">
      <Filter>Src</Filter>
    </ClCompile>
    <ClCompile Include="Src\Application\main.cpp">
      <Filter>Src\Application</Filter>
    </ClCompile>
    <ClCompile Include="src\Framework\Direct3D\KdDirect3D.cpp">
      <Filter>Src\Framework\Direct3D</Filter>
    </ClCompile>
    <ClCompile Include="src\Framework\Direct3D\KdTexture.cpp">
      <Filter>Src\Framework\Direct3D</Filter>
    </ClCompile>
    <ClCompile Include="src\Framework\Direct3D\KdBuffer.cpp">
      <Filter>Src\Framework\Direct3D</Filter>
    </ClCompile>
    <ClCompile Include="Src\Framework\Direct3D\KdGLTFLoader.cpp">
      <Filter>Src\Framework\Direct3D</Filter>
    </ClCompile>
    <ClCompile Include="Src\Framework\Shader\KdShaderManager.cpp">
      <Filter>Src\Framework\Shader</Filter>
    </ClCompile>
    <ClCompile Include="Src\Framework\Shader\SpriteShader\KdSpriteShader.cpp">
      <Filter>Src\Framework\Shader\SpriteShader</Filter>
    </ClCompile>
    <ClCompile Include="src\Framework\Window\KdWindow.cpp">
      <Filter>Src\Framework\Window</Filter>
    </ClCompile>
    <ClCompile Include="Src\Framework\Utility\KdUtility.cpp">
      <Filter>Src\Framework\Utility</Filter>
    </ClCompile>
    <ClCompile Include="src\Framework\Direct3D\KdMesh.cpp">
      <Filter>Src\Framework\Direct3D</Filter>
    </ClCompile>
    <ClCompile Include="Src\Framework\Direct3D\KdModel.cpp">
      <Filter>Src\Framework\Direct3D</Filter>
    </ClCompile>
    <ClCompile Include="Src\Framework\Math\KdCollision.cpp">
      <Filter>Src\Framework\Math</Filter>
    </ClCompile>
    <ClCompile Include="Src\Framework\Math\KdAnimation.cpp">
      <Filter>Src\Framework\Math</Filter>
    </ClCompile>
    <ClCompile Include="Src\Framework\Audio\KdAudio.cpp">
      <Filter>Src\Framework\Audio</Filter>
    </ClCompile>
    <ClCompile Include="Src\Framework\Direct3D\KdCamera.cpp">
      <Filter>Src\Framework\Direct3D</Filter>
    </ClCompile>
    <ClCompile Include="Src\Framework\Shader\PostProcessShader\KdPostProcessShader.cpp">
      <Filter>Src\Framework\Shader\PostProcessShader</Filter>
    </ClCompile>
    <ClCompile Include="Src\Framework\Math\KdCollider.cpp">
      <Filter>Src\Framework\Math</Filter>
    </ClCompile>
    <ClCompile Include="Src\Framework\Math\KdEasing.cpp">
      <Filter>Src\Framework\Math</Filter>
    </ClCompile>
    <ClCompile Include="Src\Framework\GameObject\KdGameObject.cpp">
      <Filter>Src\Framework\GameObject</Filter>
    </ClCompile>
    <ClCompile Include="Src\Framework\GameObject\KdGameObjectFactory.cpp">
      <Filter>Src\Framework\GameObject</Filter>
    </ClCompile>
    <ClCompile Include="Src\Framework\Input\KdInput.cpp">
      <Filter>Src\Framework\Input</Filter>
    </ClCompile>
    <ClCompile Include="Src\Framework\Utility\KdCSVData.cpp">
      <Filter>Src\Framework\Utility</Filter>
    </ClCompile>
    <ClCompile Include="Src\Framework\Direct3D\Polygon\KdSquarePolygon.cpp">
      <Filter>Src\Framework\Direct3D\Polygon</Filter>
    </ClCompile>
    <ClCompile Include="Src\Framework\Direct3D\Polygon\KdTrailPolygon.cpp">
      <Filter>Src\Framework\Direct3D\Polygon</Filter>
    </ClCompile>
    <ClCompile Include="Src\Framework\Direct3D\KdMaterial.cpp">
      <Filter>Src\Framework\Direct3D</Filter>
    </ClCompile>
    <ClCompile Include="Src\Framework\Direct3D\Polygon\KdPolygon.cpp">
      <Filter>Src\Framework\Direct3D\Polygon</Filter>
    </ClCompile>
    <ClCompile Include="Src\Framework\Shader\KdAmbientController.cpp">
      <Filter>Src\Framework\Shader</Filter>
    </ClCompile>
    <ClCompile Include="Src\Framework\Math\KdUVAnimation.cpp">
      <Filter>Src\Framework\Math</Filter>
    </ClCompile>
    <ClCompile Include="Src\Framework\Shader\KdRenderTargetChange.cpp">
      <Filter>Src\Framework\Shader</Filter>
    </ClCompile>
    <ClCompile Include="Src\Framework\Utility\KdFPSController.cpp">
      <Filter>Src\Framework\Utility</Filter>
    </ClCompile>
    <ClCompile Include="Src\Framework\Utility\KdDebugWireFrame.cpp">
      <Filter>Src\Framework\Utility</Filter>
    </ClCompile>
    <ClCompile Include="Src\Framework\Shader\StandardShader\KdStandardShader.cpp">
      <Filter>Src\Framework\Shader\StandardShader</Filter>
    </ClCompile>
    <ClCompile Include="Src\Framework\Effekseer\KdEffekseerManager.cpp">
      <Filter>Src\Framework\Effekseer</Filter>
    </ClCompile>
    <ClCompile Include="..\Library\imgui\imgui.cpp">
      <Filter>Library\imgui</Filter>
    </ClCompile>
    <ClCompile Include="..\Library\imgui\imgui_demo.cpp">
      <Filter>Library\imgui</Filter>
    </ClCompile>
    <ClCompile Include="..\Library\imgui\imgui_draw.cpp">
      <Filter>Library\imgui</Filter>
    </ClCompile>
    <ClCompile Include="..\Library\imgui\imgui_impl_dx11.cpp">
      <Filter>Library\imgui</Filter>
    </ClCompile>
    <ClCompile Include="..\Library\imgui\imgui_impl_win32.cpp">
      <Filter>Library\imgui</Filter>
    </ClCompile>
    <ClCompile Include="..\Library\imgui\imgui_tables.cpp">
      <Filter>Library\imgui</Filter>
    </ClCompile>
    <ClCompile Include="..\Library\imgui\imgui_widgets.cpp">
      <Filter>Library\imgui</Filter>
    </ClCompile>
    <ClCompile Include="..\Library\imgui\imgui_stdlib.cpp">
      <Filter>Library\imgui</Filter>
    </ClCompile>
    <ClCompile Include="Src\Application\GameObject\Camera\CameraBase.cpp">
      <Filter>Src\Application\GameObject\Camera</Filter>
    </ClCompile>
    <ClCompile Include="Src\Application\GameObject\Camera\TPSCamera\TPSCamera.cpp">
      <Filter>Src\Application\GameObject\Camera\TPSCamera</Filter>
    </ClCompile>
    <ClCompile Include="Src\Application\GameObject\Camera\FPSCamera\FPSCamera.cpp">
      <Filter>Src\Application\GameObject\Camera\FPSCamera</Filter>
    </ClCompile>
    <ClCompile Include="Src\Application\Object\Object.cpp">
      <Filter>Src\Application\Object</Filter>
    </ClCompile>
    <ClCompile Include="Src\Application\Object\Game\GameObject.cpp">
      <Filter>Src\Application\Object\Game</Filter>
    </ClCompile>
    <ClCompile Include="Src\Application\Object\Game\Manager\GameObjectManager.cpp">
      <Filter>Src\Application\Object\Game\Manager</Filter>
    </ClCompile>
    <ClCompile Include="Src\Application\Object\Component\Component.cpp">
      <Filter>Src\Application\Object\Component</Filter>
    </ClCompile>
    <ClCompile Include="Src\Application\Object\Component\BoxCollision\BoxCollision.cpp">
      <Filter>Src\Application\Object\Component\BoxCollision</Filter>
    </ClCompile>
    <ClCompile Include="Src\Application\Object\Component\Bullet\Bullet.cpp">
      <Filter>Src\Application\Object\Component\Bullet</Filter>
    </ClCompile>
    <ClCompile Include="Src\Application\Object\Component\Camera\Camera.cpp">
      <Filter>Src\Application\Object\Component\Camera</Filter>
    </ClCompile>
    <ClCompile Include="Src\Application\Object\Component\ChildCnt\ChildCnt.cpp">
      <Filter>Src\Application\Object\Component\ChildCnt</Filter>
    </ClCompile>
    <ClCompile Include="Src\Application\Object\Component\Collider\Collider.cpp">
      <Filter>Src\Application\Object\Component\Collider</Filter>
    </ClCompile>
    <ClCompile Include="Src\Application\Object\Component\Controller\Controller.cpp">
      <Filter>Src\Application\Object\Component\Controller</Filter>
    </ClCompile>
    <ClCompile Include="Src\Application\Object\Component\Counter\Counter.cpp">
      <Filter>Src\Application\Object\Component\Counter</Filter>
    </ClCompile>
    <ClCompile Include="Src\Application\Object\Component\EnterToScene\EnterToScene.cpp">
      <Filter>Src\Application\Object\Component\EnterToScene</Filter>
    </ClCompile>
    <ClCompile Include="Src\Application\Object\Component\HitResult\HitResult.cpp">
      <Filter>Src\Application\Object\Component\HitResult</Filter>
    </ClCompile>
    <ClCompile Include="Src\Application\Object\Component\HitResult\HitResultBlock\HitResultBlock.cpp">
      <Filter>Src\Application\Object\Component\HitResult\HitResultBlock</Filter>
    </ClCompile>
    <ClCompile Include="Src\Application\Object\Component\HitResult\HitResultDestroy\HitResultDestroy.cpp">
      <Filter>Src\Application\Object\Component\HitResult\HitResultDestroy</Filter>
    </ClCompile>
    <ClCompile Include="Src\Application\Object\Component\HitResult\HitResultReflect\HitResultReflect.cpp">
      <Filter>Src\Application\Object\Component\HitResult\HitResultReflect</Filter>
    </ClCompile>
    <ClCompile Include="Src\Application\Object\Component\HitResult\HitResultScene\HitResultScene.cpp">
      <Filter>Src\Application\Object\Component\HitResult\HitResultScene</Filter>
    </ClCompile>
    <ClCompile Include="Src\Application\Object\Component\Launcher\Launcher.cpp">
      <Filter>Src\Application\Object\Component\Launcher</Filter>
    </ClCompile>
    <ClCompile Include="Src\Application\Object\Component\ModelData\ModelData.cpp">
      <Filter>Src\Application\Object\Component\ModelData</Filter>
    </ClCompile>
    <ClCompile Include="Src\Application\Object\Component\TransformLimit\TransformLimit.cpp">
      <Filter>Src\Application\Object\Component\TransformLimit</Filter>
    </ClCompile>
    <ClCompile Include="Src\Application\Object\Component\TransFormInherit\TransFormInherit.cpp">
      <Filter>Src\Application\Object\Component\TransFormInherit</Filter>
    </ClCompile>
    <ClCompile Include="Src\Application\Object\Component\Transform\Transform.cpp">
      <Filter>Src\Application\Object\Component\Transform</Filter>
    </ClCompile>
    <ClCompile Include="Src\Application\Object\Component\TimerDisplay\TimerDisplay.cpp">
      <Filter>Src\Application\Object\Component\TimerDisplay</Filter>
    </ClCompile>
    <ClCompile Include="Src\Application\Object\Component\Texture\Texture.cpp">
      <Filter>Src\Application\Object\Component\Texture</Filter>
    </ClCompile>
    <ClCompile Include="Src\Application\Object\Component\SquarePolygon\SquarePolygon.cpp">
      <Filter>Src\Application\Object\Component\SquarePolygon</Filter>
    </ClCompile>
    <ClCompile Include="Src\Application\Object\Component\SinCurveAlpha\SinCurveAlpha.cpp">
      <Filter>Src\Application\Object\Component\SinCurveAlpha</Filter>
    </ClCompile>
    <ClCompile Include="Src\Application\Object\Component\ScoreCounter\ScoreCounter.cpp">
      <Filter>Src\Application\Object\Component\ScoreCounter</Filter>
    </ClCompile>
    <ClCompile Include="Src\Application\Object\Component\SceneChanger\SceneChanger.cpp">
      <Filter>Src\Application\Object\Component\SceneChanger</Filter>
    </ClCompile>
    <ClCompile Include="Src\Application\Object\Component\MoveLimit\MoveLimit.cpp">
      <Filter>Src\Application\Object\Component\MoveLimit</Filter>
    </ClCompile>
    <ClCompile Include="Src\Application\Object\Component\MoveLocus\MoveLocus.cpp">
      <Filter>Src\Application\Object\Component\MoveLocus</Filter>
    </ClCompile>
    <ClCompile Include="Src\Application\Object\Component\Particle\Particle.cpp">
      <Filter>Src\Application\Object\Component\Particle</Filter>
    </ClCompile>
    <ClCompile Include="Src\Application\Object\Component\Player\Player.cpp">
      <Filter>Src\Application\Object\Component\Player</Filter>
    </ClCompile>
    <ClCompile Include="Src\Application\Object\Component\SceneActive\SceneActive.cpp">
      <Filter>Src\Application\Object\Component\SceneActive</Filter>
    </ClCompile>
    <ClCompile Include="Src\Application\Object\Component\Rigidbody\Rigidbody.cpp">
      <Filter>Src\Application\Object\Component\Rigidbody</Filter>
    </ClCompile>
    <ClCompile Include="Src\Application\Object\EditorWindow\Base\EditorWindowBase.cpp">
      <Filter>Src\Application\Object\EditorWindow\Base</Filter>
    </ClCompile>
    <ClCompile Include="Src\Application\Object\EditorWindow\GameScreen\GameScreen.cpp">
      <Filter>Src\Application\Object\EditorWindow\GameScreen</Filter>
    </ClCompile>
    <ClCompile Include="Src\Application\Object\EditorWindow\Hierarchy\Hierarchy.cpp">
      <Filter>Src\Application\Object\EditorWindow\Hierarchy</Filter>
    </ClCompile>
    <ClCompile Include="Src\Application\Object\EditorWindow\Inspector\Inspector.cpp">
      <Filter>Src\Application\Object\EditorWindow\Inspector</Filter>
    </ClCompile>
    <ClCompile Include="Src\Application\Object\EditorWindow\Prefab\Prefab.cpp">
      <Filter>Src\Application\Object\EditorWindow\Prefab</Filter>
    </ClCompile>
    <ClCompile Include="Src\Application\Utility\Animation2D\Animation2D.cpp">
      <Filter>Src\Application\Utility\Animation2D</Filter>
    </ClCompile>
    <ClCompile Include="Src\Application\Utility\CreateObject\CreateObject.cpp">
      <Filter>Src\Application\Utility\CreateObject</Filter>
    </ClCompile>
    <ClCompile Include="Src\Application\Score\Score.cpp">
      <Filter>Src\Application\Score</Filter>
    </ClCompile>
    <ClCompile Include="Src\Application\RenderManger\RenderManger.cpp">
      <Filter>Src\Application\RenderManger</Filter>
    </ClCompile>
    <ClCompile Include="Src\Application\JsonHelper\JsonHelper.cpp">
      <Filter>Src\Application\JsonHelper</Filter>
    </ClCompile>
    <ClCompile Include="Src\Application\ImGuiHelper\ImGuiEditor.cpp">
      <Filter>Src\Application\ImGuiHelper</Filter>
    </ClCompile>
    <ClCompile Include="Src\Application\ImGuiHelper\ImGuiHelper.cpp">
      <Filter>Src\Application\ImGuiHelper</Filter>
    </ClCompile>
    <ClCompile Include="Src\Application\AssetManager\AssetManager.cpp">
      <Filter>Src\Application\AssetManager</Filter>
    </ClCompile>
    <ClCompile Include="Src\Application\Object\Component\AddRotation\AddRotaion.cpp">
      <Filter>Src\Application\Object\Component\AddRotation</Filter>
    </ClCompile>
    <ClCompile Include="Src\Application\Object\EditorWindow\DebugLog\DebugLog.cpp">
      <Filter>Src\Application\Object\EditorWindow\DebugLog</Filter>
    </ClCompile>
    <ClCompile Include="Src\System\SceneMnager\SceneManager.cpp">
      <Filter>Src\System\SceneMnager</Filter>
    </ClCompile>
    <ClCompile Include="Src\Application\Object\EditorWindow\SetUpScene\SetUpScene.cpp">
      <Filter>Src\Application\Object\EditorWindow\SetUpScene</Filter>
    </ClCompile>
  </ItemGroup>
  <ItemGroup>
    <None Include="Src\Framework\Shader\inc_KdCommon.hlsli">
      <Filter>Src\Framework\Shader</Filter>
    </None>
    <None Include="Src\Framework\Shader\SpriteShader\inc_KdSpriteShader.hlsli">
      <Filter>Src\Framework\Shader\SpriteShader</Filter>
    </None>
    <None Include="Src\Framework\Shader\PostProcessShader\inc_KdPostProcessShader.hlsli">
      <Filter>Src\Framework\Shader\PostProcessShader</Filter>
    </None>
    <None Include="Src\Framework\Shader\StandardShader\inc_KdStandardShader.hlsli">
      <Filter>Src\Framework\Shader\StandardShader</Filter>
    </None>
  </ItemGroup>
  <ItemGroup>
    <FxCompile Include="Src\Framework\Shader\SpriteShader\KdSpriteShader_PS.hlsl">
      <Filter>Src\Framework\Shader\SpriteShader</Filter>
    </FxCompile>
    <FxCompile Include="Src\Framework\Shader\SpriteShader\KdSpriteShader_VS.hlsl">
      <Filter>Src\Framework\Shader\SpriteShader</Filter>
    </FxCompile>
    <FxCompile Include="Src\Framework\Shader\PostProcessShader\KdPostProcessShader_PS_Blur.hlsl">
      <Filter>Src\Framework\Shader\PostProcessShader</Filter>
    </FxCompile>
    <FxCompile Include="Src\Framework\Shader\PostProcessShader\KdPostProcessShader_VS.hlsl">
      <Filter>Src\Framework\Shader\PostProcessShader</Filter>
    </FxCompile>
    <FxCompile Include="Src\Framework\Shader\PostProcessShader\KdPostProcessShader_PS_DoF.hlsl">
      <Filter>Src\Framework\Shader\PostProcessShader</Filter>
    </FxCompile>
    <FxCompile Include="Src\Framework\Shader\PostProcessShader\KdPostProcessShader_PS_Bright.hlsl">
      <Filter>Src\Framework\Shader\PostProcessShader</Filter>
    </FxCompile>
    <FxCompile Include="Src\Framework\Shader\StandardShader\KdStandardShader_PS_GenDepthMapFromLight.hlsl">
      <Filter>Src\Framework\Shader\StandardShader</Filter>
    </FxCompile>
    <FxCompile Include="Src\Framework\Shader\StandardShader\KdStandardShader_PS_Lit.hlsl">
      <Filter>Src\Framework\Shader\StandardShader</Filter>
    </FxCompile>
    <FxCompile Include="Src\Framework\Shader\StandardShader\KdStandardShader_PS_UnLit.hlsl">
      <Filter>Src\Framework\Shader\StandardShader</Filter>
    </FxCompile>
    <FxCompile Include="Src\Framework\Shader\StandardShader\KdStandardShader_VS_GenDepthMapFromLight.hlsl">
      <Filter>Src\Framework\Shader\StandardShader</Filter>
    </FxCompile>
    <FxCompile Include="Src\Framework\Shader\StandardShader\KdStandardShader_VS_Lit.hlsl">
      <Filter>Src\Framework\Shader\StandardShader</Filter>
    </FxCompile>
    <FxCompile Include="Src\Framework\Shader\StandardShader\KdStandardShader_VS_UnLit.hlsl">
      <Filter>Src\Framework\Shader\StandardShader</Filter>
    </FxCompile>
  </ItemGroup>
</Project>